{
  "version": 4,
  "terraform_version": "1.3.7",
  "serial": 100,
  "lineage": "33c4392e-1ea3-c3c9-4cd0-1a985abdaec6",
  "outputs": {
    "external_ip_address_bastion": {
      "value": "158.160.5.219",
      "type": "string"
    },
    "external_ip_address_elastic": {
      "value": "158.160.17.30",
      "type": "string"
    },
    "external_ip_address_grafana": {
      "value": "84.201.150.30",
      "type": "string"
    },
    "external_ip_address_kibana": {
      "value": "158.160.3.82",
      "type": "string"
    },
    "external_ip_address_promet": {
      "value": "84.201.145.42",
      "type": "string"
    },
    "external_ip_address_webserver1": {
      "value": "158.160.48.99",
      "type": "string"
    },
    "external_ip_address_webserver2": {
      "value": "158.160.27.104",
      "type": "string"
    },
    "internal_ip_address_bastion": {
      "value": "192.168.20.11",
      "type": "string"
    },
    "internal_ip_address_elastic": {
      "value": "192.168.20.26",
      "type": "string"
    },
    "internal_ip_address_grafana": {
      "value": "192.168.30.34",
      "type": "string"
    },
    "internal_ip_address_kibana": {
      "value": "192.168.20.30",
      "type": "string"
    },
    "internal_ip_address_promet": {
      "value": "192.168.30.22",
      "type": "string"
    },
    "internal_ip_address_webserver1": {
      "value": "192.168.10.27",
      "type": "string"
    },
    "internal_ip_address_webserver2": {
      "value": "192.168.20.10",
      "type": "string"
    }
  },
  "resources": [
    {
      "mode": "managed",
      "type": "yandex_alb_backend_group",
      "name": "backend1",
      "provider": "provider[\"registry.terraform.io/yandex-cloud/yandex\"]",
      "instances": [
        {
          "schema_version": 0,
          "attributes": {
            "created_at": "2023-02-07T22:53:59Z",
            "description": "",
            "folder_id": "b1g6a545g5vdkit1j78m",
            "grpc_backend": [],
            "http_backend": [
              {
                "healthcheck": [
                  {
                    "grpc_healthcheck": [],
                    "healthcheck_port": 0,
                    "healthy_threshold": 10,
                    "http_healthcheck": [
                      {
                        "host": "",
                        "http2": false,
                        "path": "/"
                      }
                    ],
                    "interval": "2s",
                    "interval_jitter_percent": 0,
                    "stream_healthcheck": [],
                    "timeout": "10s",
                    "unhealthy_threshold": 15
                  }
                ],
                "http2": false,
                "load_balancing_config": [
                  {
                    "locality_aware_routing_percent": 0,
                    "mode": "ROUND_ROBIN",
                    "panic_threshold": 90,
                    "strict_locality": false
                  }
                ],
                "name": "backend1",
                "port": 80,
                "storage_bucket": "",
                "target_group_ids": [
                  "ds715a3a2irpu9g79ta7"
                ],
                "tls": [],
                "weight": 1
              }
            ],
            "id": "ds7ibmt5bc21t3hfk3q0",
            "labels": {},
            "name": "backend1",
            "session_affinity": [],
            "stream_backend": [],
            "timeouts": null
          },
          "sensitive_attributes": [],
          "private": "eyJlMmJmYjczMC1lY2FhLTExZTYtOGY4OC0zNDM2M2JjN2M0YzAiOnsiY3JlYXRlIjozMDAwMDAwMDAwMDAsImRlbGV0ZSI6MzAwMDAwMDAwMDAwLCJ1cGRhdGUiOjMwMDAwMDAwMDAwMH19",
          "dependencies": [
            "yandex_alb_target_group.target1",
            "yandex_compute_instance.webserver1",
            "yandex_compute_instance.webserver2",
            "yandex_vpc_network.network-1",
            "yandex_vpc_security_group.grafana_sg",
            "yandex_vpc_security_group.prometheus_sg",
            "yandex_vpc_security_group.webservers_sg",
            "yandex_vpc_subnet.subnet-1",
            "yandex_vpc_subnet.subnet-2"
          ]
        }
      ]
    },
    {
      "mode": "managed",
      "type": "yandex_alb_http_router",
      "name": "router1",
      "provider": "provider[\"registry.terraform.io/yandex-cloud/yandex\"]",
      "instances": [
        {
          "schema_version": 0,
          "attributes": {
            "created_at": "2023-02-07T22:53:02Z",
            "description": "",
            "folder_id": "b1g6a545g5vdkit1j78m",
            "id": "ds7nq64p7h92rq4456pv",
            "labels": {
              "empty-label": "",
              "tf-label": "tf-label-value"
            },
            "name": "router1",
            "route_options": [],
            "timeouts": null
          },
          "sensitive_attributes": [],
          "private": "eyJlMmJmYjczMC1lY2FhLTExZTYtOGY4OC0zNDM2M2JjN2M0YzAiOnsiY3JlYXRlIjozMDAwMDAwMDAwMDAsImRlbGV0ZSI6MzAwMDAwMDAwMDAwLCJ1cGRhdGUiOjMwMDAwMDAwMDAwMH19"
        }
      ]
    },
    {
      "mode": "managed",
      "type": "yandex_alb_load_balancer",
      "name": "balancer1",
      "provider": "provider[\"registry.terraform.io/yandex-cloud/yandex\"]",
      "instances": [
        {
          "schema_version": 0,
          "attributes": {
            "allocation_policy": [
              {
                "location": [
                  {
                    "disable_traffic": false,
                    "subnet_id": "e2l9ijmhs4sj8k85m4k8",
                    "zone_id": "ru-central1-b"
                  },
                  {
                    "disable_traffic": false,
                    "subnet_id": "e9bh4knc6v7fg0hlhtn9",
                    "zone_id": "ru-central1-a"
                  }
                ]
              }
            ],
            "created_at": "2023-02-07T22:53:05Z",
            "description": "",
            "folder_id": "b1g6a545g5vdkit1j78m",
            "id": "ds7vk0eiqrjgiignimre",
            "labels": {},
            "listener": [
              {
                "endpoint": [
                  {
                    "address": [
                      {
                        "external_ipv4_address": [
                          {
                            "address": "51.250.1.233"
                          }
                        ],
                        "external_ipv6_address": [],
                        "internal_ipv4_address": []
                      }
                    ],
                    "ports": [
                      80
                    ]
                  }
                ],
                "http": [
                  {
                    "handler": [
                      {
                        "allow_http10": false,
                        "http2_options": [],
                        "http_router_id": "ds7nq64p7h92rq4456pv"
                      }
                    ],
                    "redirects": []
                  }
                ],
                "name": "listener1",
                "stream": [],
                "tls": []
              }
            ],
            "log_group_id": "ckgbnaoe916t7qnsua47",
            "log_options": [],
            "name": "balancer1",
            "network_id": "enpset3ka0dfkjb1tgus",
            "region_id": "",
            "security_group_ids": [
              "enp3sr89q7qcbp1omc6s"
            ],
            "status": "active",
            "timeouts": null
          },
          "sensitive_attributes": [],
          "private": "eyJlMmJmYjczMC1lY2FhLTExZTYtOGY4OC0zNDM2M2JjN2M0YzAiOnsiY3JlYXRlIjo2MDAwMDAwMDAwMDAsImRlbGV0ZSI6NjAwMDAwMDAwMDAwLCJ1cGRhdGUiOjYwMDAwMDAwMDAwMH19",
          "dependencies": [
            "yandex_alb_http_router.router1",
            "yandex_vpc_network.network-1",
            "yandex_vpc_security_group.balancer_sg",
            "yandex_vpc_subnet.subnet-1",
            "yandex_vpc_subnet.subnet-2"
          ]
        }
      ]
    },
    {
      "mode": "managed",
      "type": "yandex_alb_target_group",
      "name": "target1",
      "provider": "provider[\"registry.terraform.io/yandex-cloud/yandex\"]",
      "instances": [
        {
          "schema_version": 0,
          "attributes": {
            "created_at": "2023-02-07T22:53:58Z",
            "description": "",
            "folder_id": "b1g6a545g5vdkit1j78m",
            "id": "ds715a3a2irpu9g79ta7",
            "labels": {},
            "name": "target1",
            "target": [
              {
                "ip_address": "192.168.10.27",
                "private_ipv4_address": false,
                "subnet_id": "e9bh4knc6v7fg0hlhtn9"
              },
              {
                "ip_address": "192.168.20.10",
                "private_ipv4_address": false,
                "subnet_id": "e2l9ijmhs4sj8k85m4k8"
              }
            ],
            "timeouts": null
          },
          "sensitive_attributes": [],
          "private": "eyJlMmJmYjczMC1lY2FhLTExZTYtOGY4OC0zNDM2M2JjN2M0YzAiOnsiY3JlYXRlIjozMDAwMDAwMDAwMDAsImRlbGV0ZSI6MzAwMDAwMDAwMDAwLCJ1cGRhdGUiOjMwMDAwMDAwMDAwMH19",
          "dependencies": [
            "yandex_compute_instance.webserver1",
            "yandex_compute_instance.webserver2",
            "yandex_vpc_network.network-1",
            "yandex_vpc_security_group.grafana_sg",
            "yandex_vpc_security_group.prometheus_sg",
            "yandex_vpc_security_group.webservers_sg",
            "yandex_vpc_subnet.subnet-1",
            "yandex_vpc_subnet.subnet-2"
          ]
        }
      ]
    },
    {
      "mode": "managed",
      "type": "yandex_alb_virtual_host",
      "name": "vhost1",
      "provider": "provider[\"registry.terraform.io/yandex-cloud/yandex\"]",
      "instances": [
        {
          "schema_version": 0,
          "attributes": {
            "authority": [],
            "http_router_id": "ds7nq64p7h92rq4456pv",
            "id": "ds7nq64p7h92rq4456pv/vhost1",
            "modify_request_headers": [],
            "modify_response_headers": [],
            "name": "vhost1",
            "route": [
              {
                "grpc_route": [],
                "http_route": [
                  {
                    "direct_response_action": [],
                    "http_match": [],
                    "http_route_action": [
                      {
                        "auto_host_rewrite": false,
                        "backend_group_id": "ds7ibmt5bc21t3hfk3q0",
                        "host_rewrite": "",
                        "idle_timeout": "",
                        "prefix_rewrite": "",
                        "timeout": "3s",
                        "upgrade_types": []
                      }
                    ],
                    "redirect_action": []
                  }
                ],
                "name": "route1",
                "route_options": []
              }
            ],
            "route_options": [],
            "timeouts": null
          },
          "sensitive_attributes": [],
          "private": "eyJlMmJmYjczMC1lY2FhLTExZTYtOGY4OC0zNDM2M2JjN2M0YzAiOnsiY3JlYXRlIjozMDAwMDAwMDAwMDAsImRlbGV0ZSI6MzAwMDAwMDAwMDAwLCJ1cGRhdGUiOjMwMDAwMDAwMDAwMH19",
          "dependencies": [
            "yandex_alb_backend_group.backend1",
            "yandex_alb_http_router.router1",
            "yandex_alb_target_group.target1",
            "yandex_compute_instance.webserver1",
            "yandex_compute_instance.webserver2",
            "yandex_vpc_network.network-1",
            "yandex_vpc_security_group.grafana_sg",
            "yandex_vpc_security_group.prometheus_sg",
            "yandex_vpc_security_group.webservers_sg",
            "yandex_vpc_subnet.subnet-1",
            "yandex_vpc_subnet.subnet-2"
          ]
        }
      ]
    },
    {
      "mode": "managed",
      "type": "yandex_compute_instance",
      "name": "bastion",
      "provider": "provider[\"registry.terraform.io/yandex-cloud/yandex\"]",
      "instances": [
        {
          "schema_version": 1,
          "attributes": {
            "allow_recreate": null,
            "allow_stopping_for_update": null,
            "boot_disk": [
              {
                "auto_delete": true,
                "device_name": "epdkehpfr7v6ur902neu",
                "disk_id": "epdkehpfr7v6ur902neu",
                "initialize_params": [
                  {
                    "block_size": 4096,
                    "description": "",
                    "image_id": "fd8jvcoeij6u9se84dt5",
                    "name": "",
                    "size": 10,
                    "snapshot_id": "",
                    "type": "network-hdd"
                  }
                ],
                "mode": "READ_WRITE"
              }
            ],
            "created_at": "2023-03-07T00:26:50Z",
            "description": "",
            "filesystem": [],
            "folder_id": "b1g6a545g5vdkit1j78m",
            "fqdn": "epdckhuu7latk5l6gsna.auto.internal",
            "hostname": "",
            "id": "epdckhuu7latk5l6gsna",
            "labels": {},
            "local_disk": [],
            "metadata": {
              "user-data": "#cloud-config\nssh_pwauth: no\nusers:\n  - name: yasher\n    sudo: ALL=(ALL) NOPASSWD:ALL\n    shell: /bin/bash\n    ssh_authorized_keys:\n      #- ssh-rsa AAAAB3NzaC1yc2EAAAADAQABAAABAQDT1ILX2E1CswjTRUbJXVCE/rr9laR0EWa6ufCp0g94MiQdjEje788BJRKd+iLRr4DGJD2IB1FwHFk0QgzBV8b0q8tX0AU6FUhjBs3ms4UZ7IGp40541VEXZJLfqP37DmtmlWSkeWDevDIxtJrPwsmp13vVGQPESw78+dBbL6M4gKMXsSLWftjCqsn9YT5WCIyEtG09lHl9Ir9L4evvs5zNZUClFXccL7DWCqyHY6S6iSxXRM6lv2XoBhfVKXSm6iCnGgEJ1x/PZfULqdWd/qxw8TIzZU8sVwnwCUjWPc+1E4Q6BYZckVRVnSE039e1KQgdhD1kOani2EuA83F63scX slava@slava-Lenovo-V130-15IKB\n      - ssh-rsa AAAAB3NzaC1yc2EAAAADAQABAAACAQDXXJhTQWqfkpqPKcmsuMLF6rh58x2rjw2u9VO/KvjsU3ATqeE8TlzyWrUJ1ncgyLoPpg9BLT8Emk3/9lU9XQH9CbGkT3pqst3He/0AGXrHhp90Lphisp33PMQlmPE5PhhcuOJ+Aux/9bqONqxjXWpmm3iv+PtVlrdNmg+x5oNVl0cEmwb7GEKorf02vwzRZOIlaiSQClZIW973GnBnHloQFo8np8EsFf5/2I/M/siuWsKCxHnAMGC88hRgy8naJHzP4GKAS6ZQkRlDMimqPPVTeSbz+q/D/1iZ/IOgf2UUwuJOKLqp1kvGv7Ki8h8pKuXf4Sz2L4d+QPtlA+SeMKtXR0WTx7FvUz7cNM6a2iq34bg2g+Sv45PRWm/+XPal8Npi/TvHxntdmC+PjadjeOX8us4uhvnmE/O5Nv0nqlfLSFVwH7uIVE0gJnhZGZBQER0ydD5Qgsh3SEb+Gz3g3Wj0VX1+Pz2v5IS1mL2crSjlmPpaW/QimmToDKMudvTXmbbbpmPPj9revC7T4Bam8bU5SqPgL6FkQUyppu4STG3wtaSpqbzxZROlulunDWFhyzv4v2RPlVkxSVDFHWYOZaMDTXyOa0JeNI/NlYReskF1rU3qRC53ntabU//0Kq+O/LMFcsUPU5J/ll/rVm6oNQgzmNSeStP38IJAB21SO1ycqQ== slava@slava-Lenovo-V130-15IKB\n"
            },
            "metadata_options": [
              {
                "aws_v1_http_endpoint": 1,
                "aws_v1_http_token": 2,
                "gce_http_endpoint": 1,
                "gce_http_token": 1
              }
            ],
            "name": "bastion",
            "network_acceleration_type": "standard",
            "network_interface": [
              {
                "dns_record": [],
                "index": 0,
                "ip_address": "192.168.20.11",
                "ipv4": true,
                "ipv6": false,
                "ipv6_address": "",
                "ipv6_dns_record": [],
                "mac_address": "d0:0d:ca:47:de:3d",
                "nat": true,
                "nat_dns_record": [],
                "nat_ip_address": "158.160.5.219",
                "nat_ip_version": "IPV4",
                "security_group_ids": [
                  "enp1j5u61hsf53mqt083"
                ],
                "subnet_id": "e2l9ijmhs4sj8k85m4k8"
              }
            ],
            "placement_policy": [
              {
                "host_affinity_rules": [],
                "placement_group_id": ""
              }
            ],
            "platform_id": "standard-v1",
            "resources": [
              {
                "core_fraction": 100,
                "cores": 2,
                "gpus": 0,
                "memory": 2
              }
            ],
            "scheduling_policy": [
              {
                "preemptible": false
              }
            ],
            "secondary_disk": [],
            "service_account_id": "",
            "status": "running",
            "timeouts": null,
            "zone": "ru-central1-b"
          },
          "sensitive_attributes": [],
          "private": "eyJlMmJmYjczMC1lY2FhLTExZTYtOGY4OC0zNDM2M2JjN2M0YzAiOnsiY3JlYXRlIjozMDAwMDAwMDAwMDAsImRlbGV0ZSI6MzAwMDAwMDAwMDAwLCJ1cGRhdGUiOjMwMDAwMDAwMDAwMH0sInNjaGVtYV92ZXJzaW9uIjoiMSJ9",
          "dependencies": [
            "yandex_vpc_security_group.bastion_sg",
            "yandex_vpc_subnet.subnet-2"
          ]
        }
      ]
    },
    {
      "mode": "managed",
      "type": "yandex_compute_instance",
      "name": "elastic",
      "provider": "provider[\"registry.terraform.io/yandex-cloud/yandex\"]",
      "instances": [
        {
          "schema_version": 1,
          "attributes": {
            "allow_recreate": null,
            "allow_stopping_for_update": true,
            "boot_disk": [
              {
                "auto_delete": true,
                "device_name": "epdg9mvicgcu00e50pnn",
                "disk_id": "epdg9mvicgcu00e50pnn",
                "initialize_params": [
                  {
                    "block_size": 4096,
                    "description": "",
                    "image_id": "fd82vol772l2nq9p12pb",
                    "name": "",
                    "size": 10,
                    "snapshot_id": "",
                    "type": "network-hdd"
                  }
                ],
                "mode": "READ_WRITE"
              }
            ],
            "created_at": "2023-02-07T22:53:05Z",
            "description": "",
            "filesystem": [],
            "folder_id": "b1g6a545g5vdkit1j78m",
            "fqdn": "epdaqih14s6vvevtpbii.auto.internal",
            "hostname": "",
            "id": "epdaqih14s6vvevtpbii",
            "labels": {},
            "local_disk": [],
            "metadata": {
              "user-data": "#cloud-config\nssh_pwauth: no\nusers:\n  - name: yasher\n    sudo: ALL=(ALL) NOPASSWD:ALL\n    shell: /bin/bash\n    ssh_authorized_keys:\n      #- ssh-rsa AAAAB3NzaC1yc2EAAAADAQABAAABAQDT1ILX2E1CswjTRUbJXVCE/rr9laR0EWa6ufCp0g94MiQdjEje788BJRKd+iLRr4DGJD2IB1FwHFk0QgzBV8b0q8tX0AU6FUhjBs3ms4UZ7IGp40541VEXZJLfqP37DmtmlWSkeWDevDIxtJrPwsmp13vVGQPESw78+dBbL6M4gKMXsSLWftjCqsn9YT5WCIyEtG09lHl9Ir9L4evvs5zNZUClFXccL7DWCqyHY6S6iSxXRM6lv2XoBhfVKXSm6iCnGgEJ1x/PZfULqdWd/qxw8TIzZU8sVwnwCUjWPc+1E4Q6BYZckVRVnSE039e1KQgdhD1kOani2EuA83F63scX slava@slava-Lenovo-V130-15IKB\n      - ssh-rsa AAAAB3NzaC1yc2EAAAADAQABAAACAQDXXJhTQWqfkpqPKcmsuMLF6rh58x2rjw2u9VO/KvjsU3ATqeE8TlzyWrUJ1ncgyLoPpg9BLT8Emk3/9lU9XQH9CbGkT3pqst3He/0AGXrHhp90Lphisp33PMQlmPE5PhhcuOJ+Aux/9bqONqxjXWpmm3iv+PtVlrdNmg+x5oNVl0cEmwb7GEKorf02vwzRZOIlaiSQClZIW973GnBnHloQFo8np8EsFf5/2I/M/siuWsKCxHnAMGC88hRgy8naJHzP4GKAS6ZQkRlDMimqPPVTeSbz+q/D/1iZ/IOgf2UUwuJOKLqp1kvGv7Ki8h8pKuXf4Sz2L4d+QPtlA+SeMKtXR0WTx7FvUz7cNM6a2iq34bg2g+Sv45PRWm/+XPal8Npi/TvHxntdmC+PjadjeOX8us4uhvnmE/O5Nv0nqlfLSFVwH7uIVE0gJnhZGZBQER0ydD5Qgsh3SEb+Gz3g3Wj0VX1+Pz2v5IS1mL2crSjlmPpaW/QimmToDKMudvTXmbbbpmPPj9revC7T4Bam8bU5SqPgL6FkQUyppu4STG3wtaSpqbzxZROlulunDWFhyzv4v2RPlVkxSVDFHWYOZaMDTXyOa0JeNI/NlYReskF1rU3qRC53ntabU//0Kq+O/LMFcsUPU5J/ll/rVm6oNQgzmNSeStP38IJAB21SO1ycqQ== slava@slava-Lenovo-V130-15IKB\n"
            },
            "metadata_options": [
              {
                "aws_v1_http_endpoint": 1,
                "aws_v1_http_token": 2,
                "gce_http_endpoint": 1,
                "gce_http_token": 1
              }
            ],
            "name": "elastic",
            "network_acceleration_type": "standard",
            "network_interface": [
              {
                "dns_record": [],
                "index": 0,
                "ip_address": "192.168.20.26",
                "ipv4": true,
                "ipv6": false,
                "ipv6_address": "",
                "ipv6_dns_record": [],
                "mac_address": "d0:0d:ad:4a:21:27",
                "nat": true,
                "nat_dns_record": [],
                "nat_ip_address": "158.160.17.30",
                "nat_ip_version": "IPV4",
                "security_group_ids": [
                  "enppp9ksaernn68b3dge"
                ],
                "subnet_id": "e2l9ijmhs4sj8k85m4k8"
              }
            ],
            "placement_policy": [
              {
                "host_affinity_rules": [],
                "placement_group_id": ""
              }
            ],
            "platform_id": "standard-v1",
            "resources": [
              {
                "core_fraction": 100,
                "cores": 4,
                "gpus": 0,
                "memory": 8
              }
            ],
            "scheduling_policy": [
              {
                "preemptible": false
              }
            ],
            "secondary_disk": [],
            "service_account_id": "",
            "status": "running",
            "timeouts": null,
            "zone": "ru-central1-b"
          },
          "sensitive_attributes": [],
          "private": "eyJlMmJmYjczMC1lY2FhLTExZTYtOGY4OC0zNDM2M2JjN2M0YzAiOnsiY3JlYXRlIjozMDAwMDAwMDAwMDAsImRlbGV0ZSI6MzAwMDAwMDAwMDAwLCJ1cGRhdGUiOjMwMDAwMDAwMDAwMH0sInNjaGVtYV92ZXJzaW9uIjoiMSJ9",
          "dependencies": [
            "yandex_vpc_security_group.elastic_sg",
            "yandex_vpc_subnet.subnet-2"
          ]
        }
      ]
    },
    {
      "mode": "managed",
      "type": "yandex_compute_instance",
      "name": "grafana",
      "provider": "provider[\"registry.terraform.io/yandex-cloud/yandex\"]",
      "instances": [
        {
          "schema_version": 1,
          "attributes": {
            "allow_recreate": null,
            "allow_stopping_for_update": null,
            "boot_disk": [
              {
                "auto_delete": true,
                "device_name": "ef31vf98v3h4nl1pm62m",
                "disk_id": "ef31vf98v3h4nl1pm62m",
                "initialize_params": [
                  {
                    "block_size": 4096,
                    "description": "",
                    "image_id": "fd8cp9rjherlilnosipf",
                    "name": "",
                    "size": 10,
                    "snapshot_id": "",
                    "type": "network-hdd"
                  }
                ],
                "mode": "READ_WRITE"
              }
            ],
            "created_at": "2023-03-07T18:46:34Z",
            "description": "",
            "filesystem": [],
            "folder_id": "b1g6a545g5vdkit1j78m",
            "fqdn": "ef3j3gb6hea1nf6oa1b3.auto.internal",
            "hostname": "",
            "id": "ef3j3gb6hea1nf6oa1b3",
            "labels": {},
            "local_disk": [],
            "metadata": {
              "user-data": "#cloud-config\nssh_pwauth: no\nusers:\n  - name: yasher\n    sudo: ALL=(ALL) NOPASSWD:ALL\n    shell: /bin/bash\n    ssh_authorized_keys:\n      #- ssh-rsa AAAAB3NzaC1yc2EAAAADAQABAAABAQDT1ILX2E1CswjTRUbJXVCE/rr9laR0EWa6ufCp0g94MiQdjEje788BJRKd+iLRr4DGJD2IB1FwHFk0QgzBV8b0q8tX0AU6FUhjBs3ms4UZ7IGp40541VEXZJLfqP37DmtmlWSkeWDevDIxtJrPwsmp13vVGQPESw78+dBbL6M4gKMXsSLWftjCqsn9YT5WCIyEtG09lHl9Ir9L4evvs5zNZUClFXccL7DWCqyHY6S6iSxXRM6lv2XoBhfVKXSm6iCnGgEJ1x/PZfULqdWd/qxw8TIzZU8sVwnwCUjWPc+1E4Q6BYZckVRVnSE039e1KQgdhD1kOani2EuA83F63scX slava@slava-Lenovo-V130-15IKB\n      - ssh-rsa AAAAB3NzaC1yc2EAAAADAQABAAACAQDXXJhTQWqfkpqPKcmsuMLF6rh58x2rjw2u9VO/KvjsU3ATqeE8TlzyWrUJ1ncgyLoPpg9BLT8Emk3/9lU9XQH9CbGkT3pqst3He/0AGXrHhp90Lphisp33PMQlmPE5PhhcuOJ+Aux/9bqONqxjXWpmm3iv+PtVlrdNmg+x5oNVl0cEmwb7GEKorf02vwzRZOIlaiSQClZIW973GnBnHloQFo8np8EsFf5/2I/M/siuWsKCxHnAMGC88hRgy8naJHzP4GKAS6ZQkRlDMimqPPVTeSbz+q/D/1iZ/IOgf2UUwuJOKLqp1kvGv7Ki8h8pKuXf4Sz2L4d+QPtlA+SeMKtXR0WTx7FvUz7cNM6a2iq34bg2g+Sv45PRWm/+XPal8Npi/TvHxntdmC+PjadjeOX8us4uhvnmE/O5Nv0nqlfLSFVwH7uIVE0gJnhZGZBQER0ydD5Qgsh3SEb+Gz3g3Wj0VX1+Pz2v5IS1mL2crSjlmPpaW/QimmToDKMudvTXmbbbpmPPj9revC7T4Bam8bU5SqPgL6FkQUyppu4STG3wtaSpqbzxZROlulunDWFhyzv4v2RPlVkxSVDFHWYOZaMDTXyOa0JeNI/NlYReskF1rU3qRC53ntabU//0Kq+O/LMFcsUPU5J/ll/rVm6oNQgzmNSeStP38IJAB21SO1ycqQ== slava@slava-Lenovo-V130-15IKB\n"
            },
            "metadata_options": [
              {
                "aws_v1_http_endpoint": 1,
                "aws_v1_http_token": 2,
                "gce_http_endpoint": 1,
                "gce_http_token": 1
              }
            ],
            "name": "grafana",
            "network_acceleration_type": "standard",
            "network_interface": [
              {
                "dns_record": [],
                "index": 0,
                "ip_address": "192.168.30.34",
                "ipv4": true,
                "ipv6": false,
                "ipv6_address": "",
                "ipv6_dns_record": [],
                "mac_address": "d0:0d:13:1c:16:68",
                "nat": true,
                "nat_dns_record": [],
                "nat_ip_address": "84.201.150.30",
                "nat_ip_version": "IPV4",
                "security_group_ids": [
                  "enp6jiervc9mh95s5gb3"
                ],
                "subnet_id": "b0c8sroqi8bmdib7n6am"
              }
            ],
            "placement_policy": [
              {
                "host_affinity_rules": [],
                "placement_group_id": ""
              }
            ],
            "platform_id": "standard-v1",
            "resources": [
              {
                "core_fraction": 100,
                "cores": 2,
                "gpus": 0,
                "memory": 2
              }
            ],
            "scheduling_policy": [
              {
                "preemptible": false
              }
            ],
            "secondary_disk": [],
            "service_account_id": "",
            "status": "running",
            "timeouts": null,
            "zone": "ru-central1-c"
          },
          "sensitive_attributes": [],
          "private": "eyJlMmJmYjczMC1lY2FhLTExZTYtOGY4OC0zNDM2M2JjN2M0YzAiOnsiY3JlYXRlIjozMDAwMDAwMDAwMDAsImRlbGV0ZSI6MzAwMDAwMDAwMDAwLCJ1cGRhdGUiOjMwMDAwMDAwMDAwMH0sInNjaGVtYV92ZXJzaW9uIjoiMSJ9",
          "dependencies": [
            "yandex_vpc_security_group.grafana_sg",
            "yandex_vpc_subnet.subnet-3"
          ]
        }
      ]
    },
    {
      "mode": "managed",
      "type": "yandex_compute_instance",
      "name": "kibana",
      "provider": "provider[\"registry.terraform.io/yandex-cloud/yandex\"]",
      "instances": [
        {
          "schema_version": 1,
          "attributes": {
            "allow_recreate": null,
            "allow_stopping_for_update": true,
            "boot_disk": [
              {
                "auto_delete": true,
                "device_name": "epd0mqku3rvtha3ujhnl",
                "disk_id": "epd0mqku3rvtha3ujhnl",
                "initialize_params": [
                  {
                    "block_size": 4096,
                    "description": "",
                    "image_id": "fd82vol772l2nq9p12pb",
                    "name": "",
                    "size": 10,
                    "snapshot_id": "",
                    "type": "network-hdd"
                  }
                ],
                "mode": "READ_WRITE"
              }
            ],
            "created_at": "2023-02-07T22:53:05Z",
            "description": "",
            "filesystem": [],
            "folder_id": "b1g6a545g5vdkit1j78m",
            "fqdn": "epd37iifqpk4hff6rn5p.auto.internal",
            "hostname": "",
            "id": "epd37iifqpk4hff6rn5p",
            "labels": {},
            "local_disk": [],
            "metadata": {
              "user-data": "#cloud-config\nssh_pwauth: no\nusers:\n  - name: yasher\n    sudo: ALL=(ALL) NOPASSWD:ALL\n    shell: /bin/bash\n    ssh_authorized_keys:\n      #- ssh-rsa AAAAB3NzaC1yc2EAAAADAQABAAABAQDT1ILX2E1CswjTRUbJXVCE/rr9laR0EWa6ufCp0g94MiQdjEje788BJRKd+iLRr4DGJD2IB1FwHFk0QgzBV8b0q8tX0AU6FUhjBs3ms4UZ7IGp40541VEXZJLfqP37DmtmlWSkeWDevDIxtJrPwsmp13vVGQPESw78+dBbL6M4gKMXsSLWftjCqsn9YT5WCIyEtG09lHl9Ir9L4evvs5zNZUClFXccL7DWCqyHY6S6iSxXRM6lv2XoBhfVKXSm6iCnGgEJ1x/PZfULqdWd/qxw8TIzZU8sVwnwCUjWPc+1E4Q6BYZckVRVnSE039e1KQgdhD1kOani2EuA83F63scX slava@slava-Lenovo-V130-15IKB\n      - ssh-rsa AAAAB3NzaC1yc2EAAAADAQABAAACAQDXXJhTQWqfkpqPKcmsuMLF6rh58x2rjw2u9VO/KvjsU3ATqeE8TlzyWrUJ1ncgyLoPpg9BLT8Emk3/9lU9XQH9CbGkT3pqst3He/0AGXrHhp90Lphisp33PMQlmPE5PhhcuOJ+Aux/9bqONqxjXWpmm3iv+PtVlrdNmg+x5oNVl0cEmwb7GEKorf02vwzRZOIlaiSQClZIW973GnBnHloQFo8np8EsFf5/2I/M/siuWsKCxHnAMGC88hRgy8naJHzP4GKAS6ZQkRlDMimqPPVTeSbz+q/D/1iZ/IOgf2UUwuJOKLqp1kvGv7Ki8h8pKuXf4Sz2L4d+QPtlA+SeMKtXR0WTx7FvUz7cNM6a2iq34bg2g+Sv45PRWm/+XPal8Npi/TvHxntdmC+PjadjeOX8us4uhvnmE/O5Nv0nqlfLSFVwH7uIVE0gJnhZGZBQER0ydD5Qgsh3SEb+Gz3g3Wj0VX1+Pz2v5IS1mL2crSjlmPpaW/QimmToDKMudvTXmbbbpmPPj9revC7T4Bam8bU5SqPgL6FkQUyppu4STG3wtaSpqbzxZROlulunDWFhyzv4v2RPlVkxSVDFHWYOZaMDTXyOa0JeNI/NlYReskF1rU3qRC53ntabU//0Kq+O/LMFcsUPU5J/ll/rVm6oNQgzmNSeStP38IJAB21SO1ycqQ== slava@slava-Lenovo-V130-15IKB\n"
            },
            "metadata_options": [
              {
                "aws_v1_http_endpoint": 1,
                "aws_v1_http_token": 2,
                "gce_http_endpoint": 1,
                "gce_http_token": 1
              }
            ],
            "name": "kibana",
            "network_acceleration_type": "standard",
            "network_interface": [
              {
                "dns_record": [],
                "index": 0,
                "ip_address": "192.168.20.30",
                "ipv4": true,
                "ipv6": false,
                "ipv6_address": "",
                "ipv6_dns_record": [],
                "mac_address": "d0:0d:33:ca:4f:d6",
                "nat": true,
                "nat_dns_record": [],
                "nat_ip_address": "158.160.3.82",
                "nat_ip_version": "IPV4",
                "security_group_ids": [
                  "enp3ussupsk3gdu9cc0q"
                ],
                "subnet_id": "e2l9ijmhs4sj8k85m4k8"
              }
            ],
            "placement_policy": [
              {
                "host_affinity_rules": [],
                "placement_group_id": ""
              }
            ],
            "platform_id": "standard-v1",
            "resources": [
              {
                "core_fraction": 100,
                "cores": 4,
                "gpus": 0,
                "memory": 8
              }
            ],
            "scheduling_policy": [
              {
                "preemptible": false
              }
            ],
            "secondary_disk": [],
            "service_account_id": "",
            "status": "running",
            "timeouts": null,
            "zone": "ru-central1-b"
          },
          "sensitive_attributes": [],
          "private": "eyJlMmJmYjczMC1lY2FhLTExZTYtOGY4OC0zNDM2M2JjN2M0YzAiOnsiY3JlYXRlIjozMDAwMDAwMDAwMDAsImRlbGV0ZSI6MzAwMDAwMDAwMDAwLCJ1cGRhdGUiOjMwMDAwMDAwMDAwMH0sInNjaGVtYV92ZXJzaW9uIjoiMSJ9",
          "dependencies": [
            "yandex_vpc_security_group.kibana_sg",
            "yandex_vpc_subnet.subnet-2"
          ]
        }
      ]
    },
    {
      "mode": "managed",
      "type": "yandex_compute_instance",
      "name": "prometeus",
      "provider": "provider[\"registry.terraform.io/yandex-cloud/yandex\"]",
      "instances": [
        {
          "schema_version": 1,
          "attributes": {
            "allow_recreate": null,
            "allow_stopping_for_update": null,
            "boot_disk": [
              {
                "auto_delete": true,
                "device_name": "ef337iuln673abnriqu6",
                "disk_id": "ef337iuln673abnriqu6",
                "initialize_params": [
                  {
                    "block_size": 4096,
                    "description": "",
                    "image_id": "fd8mj0q8vkpvbpk9d0a0",
                    "name": "",
                    "size": 10,
                    "snapshot_id": "",
                    "type": "network-hdd"
                  }
                ],
                "mode": "READ_WRITE"
              }
            ],
            "created_at": "2023-02-07T22:53:05Z",
            "description": "",
            "filesystem": [],
            "folder_id": "b1g6a545g5vdkit1j78m",
            "fqdn": "ef3i7bfu0eeq8prih05h.auto.internal",
            "hostname": "",
            "id": "ef3i7bfu0eeq8prih05h",
            "labels": {},
            "local_disk": [],
            "metadata": {
              "user-data": "#cloud-config\nssh_pwauth: no\nusers:\n  - name: yasher\n    sudo: ALL=(ALL) NOPASSWD:ALL\n    shell: /bin/bash\n    ssh_authorized_keys:\n      #- ssh-rsa AAAAB3NzaC1yc2EAAAADAQABAAABAQDT1ILX2E1CswjTRUbJXVCE/rr9laR0EWa6ufCp0g94MiQdjEje788BJRKd+iLRr4DGJD2IB1FwHFk0QgzBV8b0q8tX0AU6FUhjBs3ms4UZ7IGp40541VEXZJLfqP37DmtmlWSkeWDevDIxtJrPwsmp13vVGQPESw78+dBbL6M4gKMXsSLWftjCqsn9YT5WCIyEtG09lHl9Ir9L4evvs5zNZUClFXccL7DWCqyHY6S6iSxXRM6lv2XoBhfVKXSm6iCnGgEJ1x/PZfULqdWd/qxw8TIzZU8sVwnwCUjWPc+1E4Q6BYZckVRVnSE039e1KQgdhD1kOani2EuA83F63scX slava@slava-Lenovo-V130-15IKB\n      - ssh-rsa AAAAB3NzaC1yc2EAAAADAQABAAACAQDXXJhTQWqfkpqPKcmsuMLF6rh58x2rjw2u9VO/KvjsU3ATqeE8TlzyWrUJ1ncgyLoPpg9BLT8Emk3/9lU9XQH9CbGkT3pqst3He/0AGXrHhp90Lphisp33PMQlmPE5PhhcuOJ+Aux/9bqONqxjXWpmm3iv+PtVlrdNmg+x5oNVl0cEmwb7GEKorf02vwzRZOIlaiSQClZIW973GnBnHloQFo8np8EsFf5/2I/M/siuWsKCxHnAMGC88hRgy8naJHzP4GKAS6ZQkRlDMimqPPVTeSbz+q/D/1iZ/IOgf2UUwuJOKLqp1kvGv7Ki8h8pKuXf4Sz2L4d+QPtlA+SeMKtXR0WTx7FvUz7cNM6a2iq34bg2g+Sv45PRWm/+XPal8Npi/TvHxntdmC+PjadjeOX8us4uhvnmE/O5Nv0nqlfLSFVwH7uIVE0gJnhZGZBQER0ydD5Qgsh3SEb+Gz3g3Wj0VX1+Pz2v5IS1mL2crSjlmPpaW/QimmToDKMudvTXmbbbpmPPj9revC7T4Bam8bU5SqPgL6FkQUyppu4STG3wtaSpqbzxZROlulunDWFhyzv4v2RPlVkxSVDFHWYOZaMDTXyOa0JeNI/NlYReskF1rU3qRC53ntabU//0Kq+O/LMFcsUPU5J/ll/rVm6oNQgzmNSeStP38IJAB21SO1ycqQ== slava@slava-Lenovo-V130-15IKB\n"
            },
            "metadata_options": [
              {
                "aws_v1_http_endpoint": 1,
                "aws_v1_http_token": 2,
                "gce_http_endpoint": 1,
                "gce_http_token": 1
              }
            ],
            "name": "prometeus",
            "network_acceleration_type": "standard",
            "network_interface": [
              {
                "dns_record": [],
                "index": 0,
                "ip_address": "192.168.30.22",
                "ipv4": true,
                "ipv6": false,
                "ipv6_address": "",
                "ipv6_dns_record": [],
                "mac_address": "d0:0d:12:3a:df:e0",
                "nat": true,
                "nat_dns_record": [],
                "nat_ip_address": "84.201.145.42",
                "nat_ip_version": "IPV4",
                "security_group_ids": [
                  "enppikt7edl3fkojdbjo"
                ],
                "subnet_id": "b0c8sroqi8bmdib7n6am"
              }
            ],
            "placement_policy": [
              {
                "host_affinity_rules": [],
                "placement_group_id": ""
              }
            ],
            "platform_id": "standard-v1",
            "resources": [
              {
                "core_fraction": 100,
                "cores": 2,
                "gpus": 0,
                "memory": 2
              }
            ],
            "scheduling_policy": [
              {
                "preemptible": false
              }
            ],
            "secondary_disk": [],
            "service_account_id": "",
            "status": "running",
            "timeouts": null,
            "zone": "ru-central1-c"
          },
          "sensitive_attributes": [],
          "private": "eyJlMmJmYjczMC1lY2FhLTExZTYtOGY4OC0zNDM2M2JjN2M0YzAiOnsiY3JlYXRlIjozMDAwMDAwMDAwMDAsImRlbGV0ZSI6MzAwMDAwMDAwMDAwLCJ1cGRhdGUiOjMwMDAwMDAwMDAwMH0sInNjaGVtYV92ZXJzaW9uIjoiMSJ9",
          "dependencies": [
            "yandex_vpc_security_group.prometheus_sg",
            "yandex_vpc_subnet.subnet-3"
          ]
        }
      ]
    },
    {
      "mode": "managed",
      "type": "yandex_compute_instance",
      "name": "webserver1",
      "provider": "provider[\"registry.terraform.io/yandex-cloud/yandex\"]",
      "instances": [
        {
          "schema_version": 1,
          "attributes": {
            "allow_recreate": null,
            "allow_stopping_for_update": null,
            "boot_disk": [
              {
                "auto_delete": true,
                "device_name": "fhm68htbo0ffnpm65du9",
                "disk_id": "fhm68htbo0ffnpm65du9",
                "initialize_params": [
                  {
                    "block_size": 4096,
                    "description": "",
                    "image_id": "fd8jvcoeij6u9se84dt5",
                    "name": "",
                    "size": 10,
                    "snapshot_id": "",
                    "type": "network-hdd"
                  }
                ],
                "mode": "READ_WRITE"
              }
            ],
            "created_at": "2023-02-07T22:53:06Z",
            "description": "",
            "filesystem": [],
            "folder_id": "b1g6a545g5vdkit1j78m",
            "fqdn": "fhmlvfjmo2ol7nr30nuj.auto.internal",
            "hostname": "",
            "id": "fhmlvfjmo2ol7nr30nuj",
            "labels": {},
            "local_disk": [],
            "metadata": {
              "user-data": "#cloud-config\nssh_pwauth: no\nusers:\n  - name: yasher\n    sudo: ALL=(ALL) NOPASSWD:ALL\n    shell: /bin/bash\n    ssh_authorized_keys:\n      #- ssh-rsa AAAAB3NzaC1yc2EAAAADAQABAAABAQDT1ILX2E1CswjTRUbJXVCE/rr9laR0EWa6ufCp0g94MiQdjEje788BJRKd+iLRr4DGJD2IB1FwHFk0QgzBV8b0q8tX0AU6FUhjBs3ms4UZ7IGp40541VEXZJLfqP37DmtmlWSkeWDevDIxtJrPwsmp13vVGQPESw78+dBbL6M4gKMXsSLWftjCqsn9YT5WCIyEtG09lHl9Ir9L4evvs5zNZUClFXccL7DWCqyHY6S6iSxXRM6lv2XoBhfVKXSm6iCnGgEJ1x/PZfULqdWd/qxw8TIzZU8sVwnwCUjWPc+1E4Q6BYZckVRVnSE039e1KQgdhD1kOani2EuA83F63scX slava@slava-Lenovo-V130-15IKB\n      - ssh-rsa AAAAB3NzaC1yc2EAAAADAQABAAACAQDXXJhTQWqfkpqPKcmsuMLF6rh58x2rjw2u9VO/KvjsU3ATqeE8TlzyWrUJ1ncgyLoPpg9BLT8Emk3/9lU9XQH9CbGkT3pqst3He/0AGXrHhp90Lphisp33PMQlmPE5PhhcuOJ+Aux/9bqONqxjXWpmm3iv+PtVlrdNmg+x5oNVl0cEmwb7GEKorf02vwzRZOIlaiSQClZIW973GnBnHloQFo8np8EsFf5/2I/M/siuWsKCxHnAMGC88hRgy8naJHzP4GKAS6ZQkRlDMimqPPVTeSbz+q/D/1iZ/IOgf2UUwuJOKLqp1kvGv7Ki8h8pKuXf4Sz2L4d+QPtlA+SeMKtXR0WTx7FvUz7cNM6a2iq34bg2g+Sv45PRWm/+XPal8Npi/TvHxntdmC+PjadjeOX8us4uhvnmE/O5Nv0nqlfLSFVwH7uIVE0gJnhZGZBQER0ydD5Qgsh3SEb+Gz3g3Wj0VX1+Pz2v5IS1mL2crSjlmPpaW/QimmToDKMudvTXmbbbpmPPj9revC7T4Bam8bU5SqPgL6FkQUyppu4STG3wtaSpqbzxZROlulunDWFhyzv4v2RPlVkxSVDFHWYOZaMDTXyOa0JeNI/NlYReskF1rU3qRC53ntabU//0Kq+O/LMFcsUPU5J/ll/rVm6oNQgzmNSeStP38IJAB21SO1ycqQ== slava@slava-Lenovo-V130-15IKB\n"
            },
            "metadata_options": [
              {
                "aws_v1_http_endpoint": 1,
                "aws_v1_http_token": 2,
                "gce_http_endpoint": 1,
                "gce_http_token": 1
              }
            ],
            "name": "webserver1",
            "network_acceleration_type": "standard",
            "network_interface": [
              {
                "dns_record": [],
                "index": 0,
                "ip_address": "192.168.10.27",
                "ipv4": true,
                "ipv6": false,
                "ipv6_address": "",
                "ipv6_dns_record": [],
                "mac_address": "d0:0d:15:fb:e7:6c",
                "nat": true,
                "nat_dns_record": [],
                "nat_ip_address": "158.160.48.99",
                "nat_ip_version": "IPV4",
                "security_group_ids": [
                  "enpesrmed587sqn6bh4n"
                ],
                "subnet_id": "e9bh4knc6v7fg0hlhtn9"
              }
            ],
            "placement_policy": [
              {
                "host_affinity_rules": [],
                "placement_group_id": ""
              }
            ],
            "platform_id": "standard-v1",
            "resources": [
              {
                "core_fraction": 100,
                "cores": 2,
                "gpus": 0,
                "memory": 2
              }
            ],
            "scheduling_policy": [
              {
                "preemptible": false
              }
            ],
            "secondary_disk": [],
            "service_account_id": "",
            "status": "running",
            "timeouts": null,
            "zone": "ru-central1-a"
          },
          "sensitive_attributes": [],
          "private": "eyJlMmJmYjczMC1lY2FhLTExZTYtOGY4OC0zNDM2M2JjN2M0YzAiOnsiY3JlYXRlIjozMDAwMDAwMDAwMDAsImRlbGV0ZSI6MzAwMDAwMDAwMDAwLCJ1cGRhdGUiOjMwMDAwMDAwMDAwMH0sInNjaGVtYV92ZXJzaW9uIjoiMSJ9",
          "dependencies": [
            "yandex_vpc_security_group.webservers_sg",
            "yandex_vpc_subnet.subnet-1"
          ]
        }
      ]
    },
    {
      "mode": "managed",
      "type": "yandex_compute_instance",
      "name": "webserver2",
      "provider": "provider[\"registry.terraform.io/yandex-cloud/yandex\"]",
      "instances": [
        {
          "schema_version": 1,
          "attributes": {
            "allow_recreate": null,
            "allow_stopping_for_update": null,
            "boot_disk": [
              {
                "auto_delete": true,
                "device_name": "epd185hkst16ikabrn81",
                "disk_id": "epd185hkst16ikabrn81",
                "initialize_params": [
                  {
                    "block_size": 4096,
                    "description": "",
                    "image_id": "fd8jvcoeij6u9se84dt5",
                    "name": "",
                    "size": 10,
                    "snapshot_id": "",
                    "type": "network-hdd"
                  }
                ],
                "mode": "READ_WRITE"
              }
            ],
            "created_at": "2023-02-07T22:53:05Z",
            "description": "",
            "filesystem": [],
            "folder_id": "b1g6a545g5vdkit1j78m",
            "fqdn": "epdlt5qqktehg42hp82t.auto.internal",
            "hostname": "",
            "id": "epdlt5qqktehg42hp82t",
            "labels": {},
            "local_disk": [],
            "metadata": {
              "user-data": "#cloud-config\nssh_pwauth: no\nusers:\n  - name: yasher\n    sudo: ALL=(ALL) NOPASSWD:ALL\n    shell: /bin/bash\n    ssh_authorized_keys:\n      #- ssh-rsa AAAAB3NzaC1yc2EAAAADAQABAAABAQDT1ILX2E1CswjTRUbJXVCE/rr9laR0EWa6ufCp0g94MiQdjEje788BJRKd+iLRr4DGJD2IB1FwHFk0QgzBV8b0q8tX0AU6FUhjBs3ms4UZ7IGp40541VEXZJLfqP37DmtmlWSkeWDevDIxtJrPwsmp13vVGQPESw78+dBbL6M4gKMXsSLWftjCqsn9YT5WCIyEtG09lHl9Ir9L4evvs5zNZUClFXccL7DWCqyHY6S6iSxXRM6lv2XoBhfVKXSm6iCnGgEJ1x/PZfULqdWd/qxw8TIzZU8sVwnwCUjWPc+1E4Q6BYZckVRVnSE039e1KQgdhD1kOani2EuA83F63scX slava@slava-Lenovo-V130-15IKB\n      - ssh-rsa AAAAB3NzaC1yc2EAAAADAQABAAACAQDXXJhTQWqfkpqPKcmsuMLF6rh58x2rjw2u9VO/KvjsU3ATqeE8TlzyWrUJ1ncgyLoPpg9BLT8Emk3/9lU9XQH9CbGkT3pqst3He/0AGXrHhp90Lphisp33PMQlmPE5PhhcuOJ+Aux/9bqONqxjXWpmm3iv+PtVlrdNmg+x5oNVl0cEmwb7GEKorf02vwzRZOIlaiSQClZIW973GnBnHloQFo8np8EsFf5/2I/M/siuWsKCxHnAMGC88hRgy8naJHzP4GKAS6ZQkRlDMimqPPVTeSbz+q/D/1iZ/IOgf2UUwuJOKLqp1kvGv7Ki8h8pKuXf4Sz2L4d+QPtlA+SeMKtXR0WTx7FvUz7cNM6a2iq34bg2g+Sv45PRWm/+XPal8Npi/TvHxntdmC+PjadjeOX8us4uhvnmE/O5Nv0nqlfLSFVwH7uIVE0gJnhZGZBQER0ydD5Qgsh3SEb+Gz3g3Wj0VX1+Pz2v5IS1mL2crSjlmPpaW/QimmToDKMudvTXmbbbpmPPj9revC7T4Bam8bU5SqPgL6FkQUyppu4STG3wtaSpqbzxZROlulunDWFhyzv4v2RPlVkxSVDFHWYOZaMDTXyOa0JeNI/NlYReskF1rU3qRC53ntabU//0Kq+O/LMFcsUPU5J/ll/rVm6oNQgzmNSeStP38IJAB21SO1ycqQ== slava@slava-Lenovo-V130-15IKB\n"
            },
            "metadata_options": [
              {
                "aws_v1_http_endpoint": 1,
                "aws_v1_http_token": 2,
                "gce_http_endpoint": 1,
                "gce_http_token": 1
              }
            ],
            "name": "webserver2",
            "network_acceleration_type": "standard",
            "network_interface": [
              {
                "dns_record": [],
                "index": 0,
                "ip_address": "192.168.20.10",
                "ipv4": true,
                "ipv6": false,
                "ipv6_address": "",
                "ipv6_dns_record": [],
                "mac_address": "d0:0d:15:e9:75:aa",
                "nat": true,
                "nat_dns_record": [],
                "nat_ip_address": "158.160.27.104",
                "nat_ip_version": "IPV4",
                "security_group_ids": [
                  "enpesrmed587sqn6bh4n"
                ],
                "subnet_id": "e2l9ijmhs4sj8k85m4k8"
              }
            ],
            "placement_policy": [
              {
                "host_affinity_rules": [],
                "placement_group_id": ""
              }
            ],
            "platform_id": "standard-v1",
            "resources": [
              {
                "core_fraction": 100,
                "cores": 2,
                "gpus": 0,
                "memory": 2
              }
            ],
            "scheduling_policy": [
              {
                "preemptible": false
              }
            ],
            "secondary_disk": [],
            "service_account_id": "",
            "status": "running",
            "timeouts": null,
            "zone": "ru-central1-b"
          },
          "sensitive_attributes": [],
          "private": "eyJlMmJmYjczMC1lY2FhLTExZTYtOGY4OC0zNDM2M2JjN2M0YzAiOnsiY3JlYXRlIjozMDAwMDAwMDAwMDAsImRlbGV0ZSI6MzAwMDAwMDAwMDAwLCJ1cGRhdGUiOjMwMDAwMDAwMDAwMH0sInNjaGVtYV92ZXJzaW9uIjoiMSJ9",
          "dependencies": [
            "yandex_vpc_security_group.webservers_sg",
            "yandex_vpc_subnet.subnet-2"
          ]
        }
      ]
    },
    {
      "mode": "managed",
      "type": "yandex_vpc_network",
      "name": "network-1",
      "provider": "provider[\"registry.terraform.io/yandex-cloud/yandex\"]",
      "instances": [
        {
          "schema_version": 0,
          "attributes": {
            "created_at": "2023-02-07T22:53:02Z",
            "default_security_group_id": "",
            "description": "",
            "folder_id": "b1g6a545g5vdkit1j78m",
            "id": "enpset3ka0dfkjb1tgus",
            "labels": {},
            "name": "network1",
            "subnet_ids": [
              "b0c8sroqi8bmdib7n6am",
              "e2l9ijmhs4sj8k85m4k8",
              "e9bh4knc6v7fg0hlhtn9"
            ],
            "timeouts": null
          },
          "sensitive_attributes": [],
          "private": "eyJlMmJmYjczMC1lY2FhLTExZTYtOGY4OC0zNDM2M2JjN2M0YzAiOnsiY3JlYXRlIjo2MDAwMDAwMDAwMCwiZGVsZXRlIjo2MDAwMDAwMDAwMCwidXBkYXRlIjo2MDAwMDAwMDAwMH19"
        }
      ]
    },
    {
      "mode": "managed",
      "type": "yandex_vpc_security_group",
      "name": "balancer_sg",
      "provider": "provider[\"registry.terraform.io/yandex-cloud/yandex\"]",
      "instances": [
        {
          "schema_version": 0,
          "attributes": {
            "created_at": "2023-03-07T18:17:03Z",
            "description": "balancer",
            "egress": [
              {
                "description": "anywhere",
                "from_port": 0,
                "id": "enpd3ihpkbdvfkkaoe6a",
                "labels": {},
                "port": -1,
                "predefined_target": "",
                "protocol": "ANY",
                "security_group_id": "",
                "to_port": 65535,
                "v4_cidr_blocks": [
                  "0.0.0.0/0"
                ],
                "v6_cidr_blocks": []
              }
            ],
            "folder_id": "b1g6a545g5vdkit1j78m",
            "id": "enp3sr89q7qcbp1omc6s",
            "ingress": [
              {
                "description": "80",
                "from_port": -1,
                "id": "enp6etohrlmk7qetst19",
                "labels": {},
                "port": 80,
                "predefined_target": "",
                "protocol": "TCP",
                "security_group_id": "",
                "to_port": -1,
                "v4_cidr_blocks": [
                  "0.0.0.0/0"
                ],
                "v6_cidr_blocks": []
              },
              {
                "description": "healthcheck",
                "from_port": -1,
                "id": "enpjlagf2j4t17nkvsp6",
                "labels": {},
                "port": 30080,
                "predefined_target": "loadbalancer_healthchecks",
                "protocol": "TCP",
                "security_group_id": "",
                "to_port": -1,
                "v4_cidr_blocks": [],
                "v6_cidr_blocks": []
              }
            ],
            "labels": {
              "my-label": "my-label-value"
            },
            "name": "balancer_sg",
            "network_id": "enpset3ka0dfkjb1tgus",
            "status": "ACTIVE",
            "timeouts": null
          },
          "sensitive_attributes": [],
          "private": "eyJlMmJmYjczMC1lY2FhLTExZTYtOGY4OC0zNDM2M2JjN2M0YzAiOnsiY3JlYXRlIjoxODAwMDAwMDAwMDAsImRlbGV0ZSI6MTgwMDAwMDAwMDAwLCJ1cGRhdGUiOjE4MDAwMDAwMDAwMH19",
          "dependencies": [
            "yandex_vpc_network.network-1"
          ]
        }
      ]
    },
    {
      "mode": "managed",
      "type": "yandex_vpc_security_group",
      "name": "bastion_sg",
      "provider": "provider[\"registry.terraform.io/yandex-cloud/yandex\"]",
      "instances": [
        {
          "schema_version": 0,
          "attributes": {
            "created_at": "2023-03-07T18:32:11Z",
            "description": "bastion",
            "egress": [
              {
                "description": "anywhere",
                "from_port": 0,
                "id": "enp04n9v2h5eain8ilsv",
                "labels": {},
                "port": -1,
                "predefined_target": "",
                "protocol": "ANY",
                "security_group_id": "",
                "to_port": 65535,
                "v4_cidr_blocks": [
                  "0.0.0.0/0"
                ],
                "v6_cidr_blocks": []
              }
            ],
            "folder_id": "b1g6a545g5vdkit1j78m",
            "id": "enp1j5u61hsf53mqt083",
            "ingress": [
              {
                "description": "ssh",
                "from_port": -1,
                "id": "enpikurs5ordjqud1b2s",
                "labels": {},
                "port": 22,
                "predefined_target": "",
                "protocol": "TCP",
                "security_group_id": "",
                "to_port": -1,
                "v4_cidr_blocks": [
                  "0.0.0.0/0"
                ],
                "v6_cidr_blocks": []
              }
            ],
            "labels": {
              "my-label": "my-label-value"
            },
            "name": "bastion_sg",
            "network_id": "enpset3ka0dfkjb1tgus",
            "status": "ACTIVE",
            "timeouts": null
          },
          "sensitive_attributes": [],
          "private": "eyJlMmJmYjczMC1lY2FhLTExZTYtOGY4OC0zNDM2M2JjN2M0YzAiOnsiY3JlYXRlIjoxODAwMDAwMDAwMDAsImRlbGV0ZSI6MTgwMDAwMDAwMDAwLCJ1cGRhdGUiOjE4MDAwMDAwMDAwMH19",
          "dependencies": [
            "yandex_vpc_network.network-1"
          ]
        }
      ]
    },
    {
      "mode": "managed",
      "type": "yandex_vpc_security_group",
      "name": "elastic_sg",
      "provider": "provider[\"registry.terraform.io/yandex-cloud/yandex\"]",
      "instances": [
        {
          "schema_version": 0,
          "attributes": {
            "created_at": "2023-03-07T18:24:30Z",
            "description": "elastic",
            "egress": [
              {
                "description": "anywhere",
                "from_port": 0,
                "id": "enp38f56totn85ced468",
                "labels": {},
                "port": -1,
                "predefined_target": "",
                "protocol": "ANY",
                "security_group_id": "",
                "to_port": 65535,
                "v4_cidr_blocks": [
                  "0.0.0.0/0"
                ],
                "v6_cidr_blocks": []
              }
            ],
            "folder_id": "b1g6a545g5vdkit1j78m",
            "id": "enppp9ksaernn68b3dge",
            "ingress": [
              {
                "description": "kibana9200",
                "from_port": -1,
                "id": "enp6419hbefh0seb01ef",
                "labels": {},
                "port": 9200,
                "predefined_target": "",
                "protocol": "TCP",
                "security_group_id": "enp3ussupsk3gdu9cc0q",
                "to_port": -1,
                "v4_cidr_blocks": [],
                "v6_cidr_blocks": []
              },
              {
                "description": "ssh",
                "from_port": -1,
                "id": "enpfqlts1lnfmcejqrop",
                "labels": {},
                "port": 22,
                "predefined_target": "",
                "protocol": "TCP",
                "security_group_id": "",
                "to_port": -1,
                "v4_cidr_blocks": [
                  "0.0.0.0/0"
                ],
                "v6_cidr_blocks": []
              },
              {
                "description": "webservers5044",
                "from_port": -1,
                "id": "enp7krq2ha4f9ffm3e71",
                "labels": {},
                "port": 5044,
                "predefined_target": "",
                "protocol": "TCP",
                "security_group_id": "enpesrmed587sqn6bh4n",
                "to_port": -1,
                "v4_cidr_blocks": [],
                "v6_cidr_blocks": []
              }
            ],
            "labels": {
              "my-label": "my-label-value"
            },
            "name": "elastic_sg",
            "network_id": "enpset3ka0dfkjb1tgus",
            "status": "ACTIVE",
            "timeouts": null
          },
          "sensitive_attributes": [],
          "private": "eyJlMmJmYjczMC1lY2FhLTExZTYtOGY4OC0zNDM2M2JjN2M0YzAiOnsiY3JlYXRlIjoxODAwMDAwMDAwMDAsImRlbGV0ZSI6MTgwMDAwMDAwMDAwLCJ1cGRhdGUiOjE4MDAwMDAwMDAwMH19",
          "dependencies": [
            "yandex_vpc_network.network-1",
            "yandex_vpc_security_group.grafana_sg",
            "yandex_vpc_security_group.kibana_sg",
            "yandex_vpc_security_group.prometheus_sg",
            "yandex_vpc_security_group.webservers_sg",
            "yandex_vpc_subnet.subnet-1",
            "yandex_vpc_subnet.subnet-2"
          ]
        }
      ]
    },
    {
      "mode": "managed",
      "type": "yandex_vpc_security_group",
      "name": "grafana_sg",
      "provider": "provider[\"registry.terraform.io/yandex-cloud/yandex\"]",
      "instances": [
        {
          "schema_version": 0,
          "attributes": {
            "created_at": "2023-03-07T18:15:09Z",
            "description": "grafana",
            "egress": [
              {
                "description": "anywhere",
                "from_port": 0,
                "id": "enpmp9cotopnsq4o5d4q",
                "labels": {},
                "port": -1,
                "predefined_target": "",
                "protocol": "ANY",
                "security_group_id": "",
                "to_port": 65535,
                "v4_cidr_blocks": [
                  "0.0.0.0/0"
                ],
                "v6_cidr_blocks": []
              }
            ],
            "folder_id": "b1g6a545g5vdkit1j78m",
            "id": "enp6jiervc9mh95s5gb3",
            "ingress": [
              {
                "description": "ssh",
                "from_port": -1,
                "id": "enpqj7rgluc5rsmcjp91",
                "labels": {},
                "port": 22,
                "predefined_target": "",
                "protocol": "TCP",
                "security_group_id": "",
                "to_port": -1,
                "v4_cidr_blocks": [
                  "0.0.0.0/0"
                ],
                "v6_cidr_blocks": []
              },
              {
                "description": "web3000",
                "from_port": -1,
                "id": "enpa6glnv4d7ish4dagd",
                "labels": {},
                "port": 3000,
                "predefined_target": "",
                "protocol": "TCP",
                "security_group_id": "",
                "to_port": -1,
                "v4_cidr_blocks": [
                  "0.0.0.0/0"
                ],
                "v6_cidr_blocks": []
              }
            ],
            "labels": {
              "my-label": "my-label-value"
            },
            "name": "grafana_sg",
            "network_id": "enpset3ka0dfkjb1tgus",
            "status": "ACTIVE",
            "timeouts": null
          },
          "sensitive_attributes": [],
          "private": "eyJlMmJmYjczMC1lY2FhLTExZTYtOGY4OC0zNDM2M2JjN2M0YzAiOnsiY3JlYXRlIjoxODAwMDAwMDAwMDAsImRlbGV0ZSI6MTgwMDAwMDAwMDAwLCJ1cGRhdGUiOjE4MDAwMDAwMDAwMH19",
          "dependencies": [
            "yandex_vpc_network.network-1"
          ]
        }
      ]
    },
    {
      "mode": "managed",
      "type": "yandex_vpc_security_group",
      "name": "kibana_sg",
      "provider": "provider[\"registry.terraform.io/yandex-cloud/yandex\"]",
      "instances": [
        {
          "schema_version": 0,
          "attributes": {
            "created_at": "2023-03-07T18:15:08Z",
            "description": "kibana",
            "egress": [
              {
                "description": "anywhere",
                "from_port": 0,
                "id": "enp28e5qd8toqgbk303n",
                "labels": {},
                "port": -1,
                "predefined_target": "",
                "protocol": "ANY",
                "security_group_id": "",
                "to_port": 65535,
                "v4_cidr_blocks": [
                  "0.0.0.0/0"
                ],
                "v6_cidr_blocks": []
              }
            ],
            "folder_id": "b1g6a545g5vdkit1j78m",
            "id": "enp3ussupsk3gdu9cc0q",
            "ingress": [
              {
                "description": "ssh",
                "from_port": -1,
                "id": "enpoqv4mjn7s5g7kge6t",
                "labels": {},
                "port": 22,
                "predefined_target": "",
                "protocol": "TCP",
                "security_group_id": "",
                "to_port": -1,
                "v4_cidr_blocks": [
                  "0.0.0.0/0"
                ],
                "v6_cidr_blocks": []
              },
              {
                "description": "web5601",
                "from_port": -1,
                "id": "enp21bqraesucf6fv566",
                "labels": {},
                "port": 5601,
                "predefined_target": "",
                "protocol": "TCP",
                "security_group_id": "",
                "to_port": -1,
                "v4_cidr_blocks": [
                  "0.0.0.0/0"
                ],
                "v6_cidr_blocks": []
              }
            ],
            "labels": {
              "my-label": "my-label-value"
            },
            "name": "kibana_sg",
            "network_id": "enpset3ka0dfkjb1tgus",
            "status": "ACTIVE",
            "timeouts": null
          },
          "sensitive_attributes": [],
          "private": "eyJlMmJmYjczMC1lY2FhLTExZTYtOGY4OC0zNDM2M2JjN2M0YzAiOnsiY3JlYXRlIjoxODAwMDAwMDAwMDAsImRlbGV0ZSI6MTgwMDAwMDAwMDAwLCJ1cGRhdGUiOjE4MDAwMDAwMDAwMH19",
          "dependencies": [
            "yandex_vpc_network.network-1"
          ]
        }
      ]
    },
    {
      "mode": "managed",
      "type": "yandex_vpc_security_group",
      "name": "prometheus_sg",
      "provider": "provider[\"registry.terraform.io/yandex-cloud/yandex\"]",
      "instances": [
        {
          "schema_version": 0,
          "attributes": {
            "created_at": "2023-03-07T18:24:27Z",
            "description": "prometheus",
            "egress": [
              {
                "description": "anywhere",
                "from_port": 0,
                "id": "enpknc7dhkg5g7uim61l",
                "labels": {},
                "port": -1,
                "predefined_target": "",
                "protocol": "ANY",
                "security_group_id": "",
                "to_port": 65535,
                "v4_cidr_blocks": [
                  "0.0.0.0/0"
                ],
                "v6_cidr_blocks": []
              }
            ],
            "folder_id": "b1g6a545g5vdkit1j78m",
            "id": "enppikt7edl3fkojdbjo",
            "ingress": [
              {
                "description": "grafana9090",
                "from_port": -1,
                "id": "enprfc892l26spn6pcbv",
                "labels": {},
                "port": 9090,
                "predefined_target": "",
                "protocol": "TCP",
                "security_group_id": "enp6jiervc9mh95s5gb3",
                "to_port": -1,
                "v4_cidr_blocks": [],
                "v6_cidr_blocks": []
              },
              {
                "description": "ssh",
                "from_port": -1,
                "id": "enpoel4denego638n7or",
                "labels": {},
                "port": 22,
                "predefined_target": "",
                "protocol": "TCP",
                "security_group_id": "",
                "to_port": -1,
                "v4_cidr_blocks": [
                  "0.0.0.0/0"
                ],
                "v6_cidr_blocks": []
              }
            ],
            "labels": {
              "my-label": "my-label-value"
            },
            "name": "prometheus_sg",
            "network_id": "enpset3ka0dfkjb1tgus",
            "status": "ACTIVE",
            "timeouts": null
          },
          "sensitive_attributes": [],
          "private": "eyJlMmJmYjczMC1lY2FhLTExZTYtOGY4OC0zNDM2M2JjN2M0YzAiOnsiY3JlYXRlIjoxODAwMDAwMDAwMDAsImRlbGV0ZSI6MTgwMDAwMDAwMDAwLCJ1cGRhdGUiOjE4MDAwMDAwMDAwMH19",
          "dependencies": [
            "yandex_vpc_network.network-1",
            "yandex_vpc_security_group.grafana_sg"
          ]
        }
      ]
    },
    {
      "mode": "managed",
      "type": "yandex_vpc_security_group",
      "name": "webservers_sg",
      "provider": "provider[\"registry.terraform.io/yandex-cloud/yandex\"]",
      "instances": [
        {
          "schema_version": 0,
          "attributes": {
            "created_at": "2023-03-07T18:24:28Z",
            "description": "webservers",
            "egress": [
              {
                "description": "anywhere",
                "from_port": 0,
                "id": "enprpt93us2agb1qeurl",
                "labels": {},
                "port": -1,
                "predefined_target": "",
                "protocol": "ANY",
                "security_group_id": "",
                "to_port": 65535,
                "v4_cidr_blocks": [
                  "0.0.0.0/0"
                ],
                "v6_cidr_blocks": []
              }
            ],
            "folder_id": "b1g6a545g5vdkit1j78m",
            "id": "enpesrmed587sqn6bh4n",
            "ingress": [
              {
                "description": "80",
                "from_port": -1,
                "id": "enpsvspb59v2f53kt9m8",
                "labels": {},
                "port": 80,
                "predefined_target": "",
                "protocol": "TCP",
                "security_group_id": "",
                "to_port": -1,
                "v4_cidr_blocks": [
                  "192.168.10.0/24",
                  "192.168.20.0/24"
                ],
                "v6_cidr_blocks": []
              },
              {
                "description": "prometheus9100",
                "from_port": -1,
                "id": "enpbd1tnpikv955kurta",
                "labels": {},
                "port": 9100,
                "predefined_target": "",
                "protocol": "TCP",
                "security_group_id": "enppikt7edl3fkojdbjo",
                "to_port": -1,
                "v4_cidr_blocks": [],
                "v6_cidr_blocks": []
              },
              {
                "description": "ssh",
                "from_port": -1,
                "id": "enpn5enpu4rtdnfcnjqo",
                "labels": {},
                "port": 22,
                "predefined_target": "",
                "protocol": "TCP",
                "security_group_id": "",
                "to_port": -1,
                "v4_cidr_blocks": [
                  "0.0.0.0/0"
                ],
                "v6_cidr_blocks": []
              }
            ],
            "labels": {
              "my-label": "my-label-value"
            },
            "name": "webservers_sg",
            "network_id": "enpset3ka0dfkjb1tgus",
            "status": "ACTIVE",
            "timeouts": null
          },
          "sensitive_attributes": [],
          "private": "eyJlMmJmYjczMC1lY2FhLTExZTYtOGY4OC0zNDM2M2JjN2M0YzAiOnsiY3JlYXRlIjoxODAwMDAwMDAwMDAsImRlbGV0ZSI6MTgwMDAwMDAwMDAwLCJ1cGRhdGUiOjE4MDAwMDAwMDAwMH19",
          "dependencies": [
            "yandex_vpc_network.network-1",
            "yandex_vpc_security_group.grafana_sg",
            "yandex_vpc_security_group.prometheus_sg",
            "yandex_vpc_subnet.subnet-1",
            "yandex_vpc_subnet.subnet-2"
          ]
        }
      ]
    },
    {
      "mode": "managed",
      "type": "yandex_vpc_subnet",
      "name": "subnet-1",
      "provider": "provider[\"registry.terraform.io/yandex-cloud/yandex\"]",
      "instances": [
        {
          "schema_version": 0,
          "attributes": {
            "created_at": "2023-02-07T22:53:04Z",
            "description": "",
            "dhcp_options": [],
            "folder_id": "b1g6a545g5vdkit1j78m",
            "id": "e9bh4knc6v7fg0hlhtn9",
            "labels": {},
            "name": "subnet1",
            "network_id": "enpset3ka0dfkjb1tgus",
            "route_table_id": "",
            "timeouts": null,
            "v4_cidr_blocks": [
              "192.168.10.0/24"
            ],
            "v6_cidr_blocks": [],
            "zone": "ru-central1-a"
          },
          "sensitive_attributes": [],
          "private": "eyJlMmJmYjczMC1lY2FhLTExZTYtOGY4OC0zNDM2M2JjN2M0YzAiOnsiY3JlYXRlIjoxODAwMDAwMDAwMDAsImRlbGV0ZSI6MTgwMDAwMDAwMDAwLCJ1cGRhdGUiOjE4MDAwMDAwMDAwMH19",
          "dependencies": [
            "yandex_vpc_network.network-1"
          ]
        }
      ]
    },
    {
      "mode": "managed",
      "type": "yandex_vpc_subnet",
      "name": "subnet-2",
      "provider": "provider[\"registry.terraform.io/yandex-cloud/yandex\"]",
      "instances": [
        {
          "schema_version": 0,
          "attributes": {
            "created_at": "2023-02-07T22:53:03Z",
            "description": "",
            "dhcp_options": [],
            "folder_id": "b1g6a545g5vdkit1j78m",
            "id": "e2l9ijmhs4sj8k85m4k8",
            "labels": {},
            "name": "subnet2",
            "network_id": "enpset3ka0dfkjb1tgus",
            "route_table_id": "",
            "timeouts": null,
            "v4_cidr_blocks": [
              "192.168.20.0/24"
            ],
            "v6_cidr_blocks": [],
            "zone": "ru-central1-b"
          },
          "sensitive_attributes": [],
          "private": "eyJlMmJmYjczMC1lY2FhLTExZTYtOGY4OC0zNDM2M2JjN2M0YzAiOnsiY3JlYXRlIjoxODAwMDAwMDAwMDAsImRlbGV0ZSI6MTgwMDAwMDAwMDAwLCJ1cGRhdGUiOjE4MDAwMDAwMDAwMH19",
          "dependencies": [
            "yandex_vpc_network.network-1"
          ]
        }
      ]
    },
    {
      "mode": "managed",
      "type": "yandex_vpc_subnet",
      "name": "subnet-3",
      "provider": "provider[\"registry.terraform.io/yandex-cloud/yandex\"]",
      "instances": [
        {
          "schema_version": 0,
          "attributes": {
            "created_at": "2023-02-07T22:53:04Z",
            "description": "",
            "dhcp_options": [],
            "folder_id": "b1g6a545g5vdkit1j78m",
            "id": "b0c8sroqi8bmdib7n6am",
            "labels": {},
            "name": "subnet3",
            "network_id": "enpset3ka0dfkjb1tgus",
            "route_table_id": "",
            "timeouts": null,
            "v4_cidr_blocks": [
              "192.168.30.0/24"
            ],
            "v6_cidr_blocks": [],
            "zone": "ru-central1-c"
          },
          "sensitive_attributes": [],
          "private": "eyJlMmJmYjczMC1lY2FhLTExZTYtOGY4OC0zNDM2M2JjN2M0YzAiOnsiY3JlYXRlIjoxODAwMDAwMDAwMDAsImRlbGV0ZSI6MTgwMDAwMDAwMDAwLCJ1cGRhdGUiOjE4MDAwMDAwMDAwMH19",
          "dependencies": [
            "yandex_vpc_network.network-1"
          ]
        }
      ]
    }
  ],
  "check_results": null
}
