{
  "version": 4,
  "terraform_version": "1.3.7",
  "serial": 281,
  "lineage": "33c4392e-1ea3-c3c9-4cd0-1a985abdaec6",
  "outputs": {
    "external_ip_address_bastion": {
      "value": "158.160.5.193",
      "type": "string"
    },
    "external_ip_address_elastic": {
      "value": "158.160.5.170",
      "type": "string"
    },
    "external_ip_address_grafana": {
      "value": "51.250.47.38",
      "type": "string"
    },
    "external_ip_address_kibana": {
      "value": "158.160.22.194",
      "type": "string"
    },
    "external_ip_address_promet": {
      "value": "51.250.46.178",
      "type": "string"
    },
    "external_ip_address_webserver1": {
      "value": "51.250.80.138",
      "type": "string"
    },
    "external_ip_address_webserver2": {
      "value": "158.160.4.120",
      "type": "string"
    },
    "internal_ip_address_bastion": {
      "value": "192.168.20.21",
      "type": "string"
    },
    "internal_ip_address_elastic": {
      "value": "192.168.20.11",
      "type": "string"
    },
    "internal_ip_address_grafana": {
      "value": "192.168.30.22",
      "type": "string"
    },
    "internal_ip_address_kibana": {
      "value": "192.168.20.26",
      "type": "string"
    },
    "internal_ip_address_promet": {
      "value": "192.168.30.16",
      "type": "string"
    },
    "internal_ip_address_webserver1": {
      "value": "192.168.10.5",
      "type": "string"
    },
    "internal_ip_address_webserver2": {
      "value": "192.168.20.13",
      "type": "string"
    },
    "ip_balancer": {
      "value": [
        {
          "external_ipv4_address": [
            {
              "address": "130.193.51.170"
            }
          ],
          "external_ipv6_address": [],
          "internal_ipv4_address": []
        }
      ],
      "type": [
        "list",
        [
          "object",
          {
            "external_ipv4_address": [
              "list",
              [
                "object",
                {
                  "address": "string"
                }
              ]
            ],
            "external_ipv6_address": [
              "list",
              [
                "object",
                {
                  "address": "string"
                }
              ]
            ],
            "internal_ipv4_address": [
              "list",
              [
                "object",
                {
                  "address": "string",
                  "subnet_id": "string"
                }
              ]
            ]
          }
        ]
      ]
    },
    "schedule_snapshot": {
      "value": [
        "fhmcjmffrih19avrh4t0",
        "epdm27arhelg3lv5hteo",
        "epdmq0kn3mpudo5a0vq4",
        "epd5bdmp77bba7s87j3f",
        "ef3igk260bi4btjl0gl4",
        "ef32q0e61mteb0f9hube",
        "epd15oldqogf3vuu9sm5"
      ],
      "type": [
        "list",
        "string"
      ]
    }
  },
  "resources": [
    {
      "mode": "managed",
      "type": "yandex_alb_backend_group",
      "name": "backend1",
      "provider": "provider[\"registry.terraform.io/yandex-cloud/yandex\"]",
      "instances": [
        {
          "schema_version": 0,
          "attributes": {
            "created_at": "2023-03-09T04:49:30Z",
            "description": "",
            "folder_id": "b1g6a545g5vdkit1j78m",
            "grpc_backend": [],
            "http_backend": [
              {
                "healthcheck": [
                  {
                    "grpc_healthcheck": [],
                    "healthcheck_port": 0,
                    "healthy_threshold": 10,
                    "http_healthcheck": [
                      {
                        "host": "",
                        "http2": false,
                        "path": "/"
                      }
                    ],
                    "interval": "2s",
                    "interval_jitter_percent": 0,
                    "stream_healthcheck": [],
                    "timeout": "10s",
                    "unhealthy_threshold": 15
                  }
                ],
                "http2": false,
                "load_balancing_config": [
                  {
                    "locality_aware_routing_percent": 0,
                    "mode": "ROUND_ROBIN",
                    "panic_threshold": 90,
                    "strict_locality": false
                  }
                ],
                "name": "backend1",
                "port": 80,
                "storage_bucket": "",
                "target_group_ids": [
                  "ds7dj6st66hoc8t45891"
                ],
                "tls": [],
                "weight": 1
              }
            ],
            "id": "ds7ftsgkq0hnf4nro67l",
            "labels": null,
            "name": "backend1",
            "session_affinity": [],
            "stream_backend": [],
            "timeouts": null
          },
          "sensitive_attributes": [],
          "private": "eyJlMmJmYjczMC1lY2FhLTExZTYtOGY4OC0zNDM2M2JjN2M0YzAiOnsiY3JlYXRlIjozMDAwMDAwMDAwMDAsImRlbGV0ZSI6MzAwMDAwMDAwMDAwLCJ1cGRhdGUiOjMwMDAwMDAwMDAwMH19",
          "dependencies": [
            "yandex_alb_target_group.target1",
            "yandex_compute_instance.webserver1",
            "yandex_compute_instance.webserver2",
            "yandex_vpc_network.network-1",
            "yandex_vpc_security_group.grafana_sg",
            "yandex_vpc_security_group.prometheus_sg",
            "yandex_vpc_security_group.webservers_sg",
            "yandex_vpc_subnet.subnet-1",
            "yandex_vpc_subnet.subnet-2"
          ]
        }
      ]
    },
    {
      "mode": "managed",
      "type": "yandex_alb_http_router",
      "name": "router1",
      "provider": "provider[\"registry.terraform.io/yandex-cloud/yandex\"]",
      "instances": [
        {
          "schema_version": 0,
          "attributes": {
            "created_at": "2023-03-09T04:48:41Z",
            "description": "",
            "folder_id": "b1g6a545g5vdkit1j78m",
            "id": "ds7utfpvdo6vtc8tv0ik",
            "labels": {
              "empty-label": "",
              "tf-label": "tf-label-value"
            },
            "name": "router1",
            "route_options": [],
            "timeouts": null
          },
          "sensitive_attributes": [],
          "private": "eyJlMmJmYjczMC1lY2FhLTExZTYtOGY4OC0zNDM2M2JjN2M0YzAiOnsiY3JlYXRlIjozMDAwMDAwMDAwMDAsImRlbGV0ZSI6MzAwMDAwMDAwMDAwLCJ1cGRhdGUiOjMwMDAwMDAwMDAwMH19"
        }
      ]
    },
    {
      "mode": "managed",
      "type": "yandex_alb_load_balancer",
      "name": "balancer1",
      "provider": "provider[\"registry.terraform.io/yandex-cloud/yandex\"]",
      "instances": [
        {
          "schema_version": 0,
          "attributes": {
            "allocation_policy": [
              {
                "location": [
                  {
                    "disable_traffic": false,
                    "subnet_id": "e2lan46j3uts00kggdd7",
                    "zone_id": "ru-central1-b"
                  },
                  {
                    "disable_traffic": false,
                    "subnet_id": "e9b8qrc41qb6u5ttt07b",
                    "zone_id": "ru-central1-a"
                  }
                ]
              }
            ],
            "created_at": "2023-03-09T04:48:48Z",
            "description": "",
            "folder_id": "b1g6a545g5vdkit1j78m",
            "id": "ds7f638jrs5me3133c1q",
            "labels": null,
            "listener": [
              {
                "endpoint": [
                  {
                    "address": [
                      {
                        "external_ipv4_address": [
                          {
                            "address": "130.193.51.170"
                          }
                        ],
                        "external_ipv6_address": [],
                        "internal_ipv4_address": []
                      }
                    ],
                    "ports": [
                      80
                    ]
                  }
                ],
                "http": [
                  {
                    "handler": [
                      {
                        "allow_http10": false,
                        "http2_options": [],
                        "http_router_id": "ds7utfpvdo6vtc8tv0ik"
                      }
                    ],
                    "redirects": []
                  }
                ],
                "name": "listener1",
                "stream": [],
                "tls": []
              }
            ],
            "log_group_id": "ckg0q3r8krern7scr5gq",
            "log_options": [],
            "name": "balancer1",
            "network_id": "enpbpspd8pnol7bqcrju",
            "region_id": "",
            "security_group_ids": [
              "enpc0e4d4i50k0g1u2hi"
            ],
            "status": "active",
            "timeouts": null
          },
          "sensitive_attributes": [],
          "private": "eyJlMmJmYjczMC1lY2FhLTExZTYtOGY4OC0zNDM2M2JjN2M0YzAiOnsiY3JlYXRlIjo2MDAwMDAwMDAwMDAsImRlbGV0ZSI6NjAwMDAwMDAwMDAwLCJ1cGRhdGUiOjYwMDAwMDAwMDAwMH19",
          "dependencies": [
            "yandex_alb_http_router.router1",
            "yandex_vpc_network.network-1",
            "yandex_vpc_security_group.balancer_sg",
            "yandex_vpc_subnet.subnet-1",
            "yandex_vpc_subnet.subnet-2"
          ]
        }
      ]
    },
    {
      "mode": "managed",
      "type": "yandex_alb_target_group",
      "name": "target1",
      "provider": "provider[\"registry.terraform.io/yandex-cloud/yandex\"]",
      "instances": [
        {
          "schema_version": 0,
          "attributes": {
            "created_at": "2023-03-09T04:49:29Z",
            "description": "",
            "folder_id": "b1g6a545g5vdkit1j78m",
            "id": "ds7dj6st66hoc8t45891",
            "labels": null,
            "name": "target1",
            "target": [
              {
                "ip_address": "192.168.10.5",
                "private_ipv4_address": false,
                "subnet_id": "e9b8qrc41qb6u5ttt07b"
              },
              {
                "ip_address": "192.168.20.13",
                "private_ipv4_address": false,
                "subnet_id": "e2lan46j3uts00kggdd7"
              }
            ],
            "timeouts": null
          },
          "sensitive_attributes": [],
          "private": "eyJlMmJmYjczMC1lY2FhLTExZTYtOGY4OC0zNDM2M2JjN2M0YzAiOnsiY3JlYXRlIjozMDAwMDAwMDAwMDAsImRlbGV0ZSI6MzAwMDAwMDAwMDAwLCJ1cGRhdGUiOjMwMDAwMDAwMDAwMH19",
          "dependencies": [
            "yandex_compute_instance.webserver1",
            "yandex_compute_instance.webserver2",
            "yandex_vpc_network.network-1",
            "yandex_vpc_security_group.grafana_sg",
            "yandex_vpc_security_group.prometheus_sg",
            "yandex_vpc_security_group.webservers_sg",
            "yandex_vpc_subnet.subnet-1",
            "yandex_vpc_subnet.subnet-2"
          ]
        }
      ]
    },
    {
      "mode": "managed",
      "type": "yandex_alb_virtual_host",
      "name": "vhost1",
      "provider": "provider[\"registry.terraform.io/yandex-cloud/yandex\"]",
      "instances": [
        {
          "schema_version": 0,
          "attributes": {
            "authority": null,
            "http_router_id": "ds7utfpvdo6vtc8tv0ik",
            "id": "ds7utfpvdo6vtc8tv0ik/vhost1",
            "modify_request_headers": [],
            "modify_response_headers": [],
            "name": "vhost1",
            "route": [
              {
                "grpc_route": [],
                "http_route": [
                  {
                    "direct_response_action": [],
                    "http_match": [],
                    "http_route_action": [
                      {
                        "auto_host_rewrite": false,
                        "backend_group_id": "ds7ftsgkq0hnf4nro67l",
                        "host_rewrite": "",
                        "idle_timeout": "",
                        "prefix_rewrite": "",
                        "timeout": "3s",
                        "upgrade_types": null
                      }
                    ],
                    "redirect_action": []
                  }
                ],
                "name": "route1",
                "route_options": []
              }
            ],
            "route_options": [],
            "timeouts": null
          },
          "sensitive_attributes": [],
          "private": "eyJlMmJmYjczMC1lY2FhLTExZTYtOGY4OC0zNDM2M2JjN2M0YzAiOnsiY3JlYXRlIjozMDAwMDAwMDAwMDAsImRlbGV0ZSI6MzAwMDAwMDAwMDAwLCJ1cGRhdGUiOjMwMDAwMDAwMDAwMH19",
          "dependencies": [
            "yandex_alb_backend_group.backend1",
            "yandex_alb_http_router.router1",
            "yandex_alb_target_group.target1",
            "yandex_compute_instance.webserver1",
            "yandex_compute_instance.webserver2",
            "yandex_vpc_network.network-1",
            "yandex_vpc_security_group.grafana_sg",
            "yandex_vpc_security_group.prometheus_sg",
            "yandex_vpc_security_group.webservers_sg",
            "yandex_vpc_subnet.subnet-1",
            "yandex_vpc_subnet.subnet-2"
          ]
        }
      ]
    },
    {
      "mode": "managed",
      "type": "yandex_compute_instance",
      "name": "bastion",
      "provider": "provider[\"registry.terraform.io/yandex-cloud/yandex\"]",
      "instances": [
        {
          "schema_version": 1,
          "attributes": {
            "allow_recreate": null,
            "allow_stopping_for_update": null,
            "boot_disk": [
              {
                "auto_delete": true,
                "device_name": "epdi884fvtutof5asvcd",
                "disk_id": "epdi884fvtutof5asvcd",
                "initialize_params": [
                  {
                    "block_size": 4096,
                    "description": "",
                    "image_id": "fd8jvcoeij6u9se84dt5",
                    "name": "",
                    "size": 10,
                    "snapshot_id": "",
                    "type": "network-hdd"
                  }
                ],
                "mode": "READ_WRITE"
              }
            ],
            "created_at": "2023-03-09T04:48:46Z",
            "description": "",
            "filesystem": [],
            "folder_id": "b1g6a545g5vdkit1j78m",
            "fqdn": "epdhknevjlpikt734s8v.auto.internal",
            "hostname": "",
            "id": "epdhknevjlpikt734s8v",
            "labels": null,
            "local_disk": [],
            "metadata": {
              "user-data": "#cloud-config\nssh_pwauth: no\nusers:\n  - name: yasher\n    sudo: ALL=(ALL) NOPASSWD:ALL\n    shell: /bin/bash\n    ssh_authorized_keys:\n      - ssh-rsa AAAAB3NzaC1yc2EAAAADAQABAAACAQDXXJhTQWqfkpqPKcmsuMLF6rh58x2rjw2u9VO/KvjsU3ATqeE8TlzyWrUJ1ncgyLoPpg9BLT8Emk3/9lU9XQH9CbGkT3pqst3He/0AGXrHhp90Lphisp33PMQlmPE5PhhcuOJ+Aux/9bqONqxjXWpmm3iv+PtVlrdNmg+x5oNVl0cEmwb7GEKorf02vwzRZOIlaiSQClZIW973GnBnHloQFo8np8EsFf5/2I/M/siuWsKCxHnAMGC88hRgy8naJHzP4GKAS6ZQkRlDMimqPPVTeSbz+q/D/1iZ/IOgf2UUwuJOKLqp1kvGv7Ki8h8pKuXf4Sz2L4d+QPtlA+SeMKtXR0WTx7FvUz7cNM6a2iq34bg2g+Sv45PRWm/+XPal8Npi/TvHxntdmC+PjadjeOX8us4uhvnmE/O5Nv0nqlfLSFVwH7uIVE0gJnhZGZBQER0ydD5Qgsh3SEb+Gz3g3Wj0VX1+Pz2v5IS1mL2crSjlmPpaW/QimmToDKMudvTXmbbbpmPPj9revC7T4Bam8bU5SqPgL6FkQUyppu4STG3wtaSpqbzxZROlulunDWFhyzv4v2RPlVkxSVDFHWYOZaMDTXyOa0JeNI/NlYReskF1rU3qRC53ntabU//0Kq+O/LMFcsUPU5J/ll/rVm6oNQgzmNSeStP38IJAB21SO1ycqQ== slava@slava-Lenovo-V130-15IKB\n"
            },
            "metadata_options": [
              {
                "aws_v1_http_endpoint": 1,
                "aws_v1_http_token": 2,
                "gce_http_endpoint": 1,
                "gce_http_token": 1
              }
            ],
            "name": "bastion",
            "network_acceleration_type": "standard",
            "network_interface": [
              {
                "dns_record": [],
                "index": 0,
                "ip_address": "192.168.20.21",
                "ipv4": true,
                "ipv6": false,
                "ipv6_address": "",
                "ipv6_dns_record": [],
                "mac_address": "d0:0d:11:a5:dd:f9",
                "nat": true,
                "nat_dns_record": [],
                "nat_ip_address": "158.160.5.193",
                "nat_ip_version": "IPV4",
                "security_group_ids": [
                  "enp35ul4sa5puh1o6g2r"
                ],
                "subnet_id": "e2lan46j3uts00kggdd7"
              }
            ],
            "placement_policy": [
              {
                "host_affinity_rules": [],
                "placement_group_id": ""
              }
            ],
            "platform_id": "standard-v1",
            "resources": [
              {
                "core_fraction": 100,
                "cores": 2,
                "gpus": 0,
                "memory": 2
              }
            ],
            "scheduling_policy": [
              {
                "preemptible": false
              }
            ],
            "secondary_disk": [],
            "service_account_id": "",
            "status": "running",
            "timeouts": null,
            "zone": "ru-central1-b"
          },
          "sensitive_attributes": [],
          "private": "eyJlMmJmYjczMC1lY2FhLTExZTYtOGY4OC0zNDM2M2JjN2M0YzAiOnsiY3JlYXRlIjozMDAwMDAwMDAwMDAsImRlbGV0ZSI6MzAwMDAwMDAwMDAwLCJ1cGRhdGUiOjMwMDAwMDAwMDAwMH0sInNjaGVtYV92ZXJzaW9uIjoiMSJ9",
          "dependencies": [
            "yandex_vpc_network.network-1",
            "yandex_vpc_security_group.bastion_sg",
            "yandex_vpc_subnet.subnet-2"
          ]
        }
      ]
    },
    {
      "mode": "managed",
      "type": "yandex_compute_instance",
      "name": "elastic",
      "provider": "provider[\"registry.terraform.io/yandex-cloud/yandex\"]",
      "instances": [
        {
          "schema_version": 1,
          "attributes": {
            "allow_recreate": null,
            "allow_stopping_for_update": true,
            "boot_disk": [
              {
                "auto_delete": true,
                "device_name": "epd61a7os4r3nc1a1m1o",
                "disk_id": "epd61a7os4r3nc1a1m1o",
                "initialize_params": [
                  {
                    "block_size": 4096,
                    "description": "",
                    "image_id": "fd82vol772l2nq9p12pb",
                    "name": "",
                    "size": 10,
                    "snapshot_id": "",
                    "type": "network-hdd"
                  }
                ],
                "mode": "READ_WRITE"
              }
            ],
            "created_at": "2023-03-09T04:48:53Z",
            "description": "",
            "filesystem": [],
            "folder_id": "b1g6a545g5vdkit1j78m",
            "fqdn": "epdgtit5usuiefgdornh.auto.internal",
            "hostname": "",
            "id": "epdgtit5usuiefgdornh",
            "labels": null,
            "local_disk": [],
            "metadata": {
              "user-data": "#cloud-config\nssh_pwauth: no\nusers:\n  - name: yasher\n    sudo: ALL=(ALL) NOPASSWD:ALL\n    shell: /bin/bash\n    ssh_authorized_keys:\n      - ssh-rsa AAAAB3NzaC1yc2EAAAADAQABAAACAQDXXJhTQWqfkpqPKcmsuMLF6rh58x2rjw2u9VO/KvjsU3ATqeE8TlzyWrUJ1ncgyLoPpg9BLT8Emk3/9lU9XQH9CbGkT3pqst3He/0AGXrHhp90Lphisp33PMQlmPE5PhhcuOJ+Aux/9bqONqxjXWpmm3iv+PtVlrdNmg+x5oNVl0cEmwb7GEKorf02vwzRZOIlaiSQClZIW973GnBnHloQFo8np8EsFf5/2I/M/siuWsKCxHnAMGC88hRgy8naJHzP4GKAS6ZQkRlDMimqPPVTeSbz+q/D/1iZ/IOgf2UUwuJOKLqp1kvGv7Ki8h8pKuXf4Sz2L4d+QPtlA+SeMKtXR0WTx7FvUz7cNM6a2iq34bg2g+Sv45PRWm/+XPal8Npi/TvHxntdmC+PjadjeOX8us4uhvnmE/O5Nv0nqlfLSFVwH7uIVE0gJnhZGZBQER0ydD5Qgsh3SEb+Gz3g3Wj0VX1+Pz2v5IS1mL2crSjlmPpaW/QimmToDKMudvTXmbbbpmPPj9revC7T4Bam8bU5SqPgL6FkQUyppu4STG3wtaSpqbzxZROlulunDWFhyzv4v2RPlVkxSVDFHWYOZaMDTXyOa0JeNI/NlYReskF1rU3qRC53ntabU//0Kq+O/LMFcsUPU5J/ll/rVm6oNQgzmNSeStP38IJAB21SO1ycqQ== slava@slava-Lenovo-V130-15IKB\n"
            },
            "metadata_options": [
              {
                "aws_v1_http_endpoint": 1,
                "aws_v1_http_token": 2,
                "gce_http_endpoint": 1,
                "gce_http_token": 1
              }
            ],
            "name": "elastic",
            "network_acceleration_type": "standard",
            "network_interface": [
              {
                "dns_record": [],
                "index": 0,
                "ip_address": "192.168.20.11",
                "ipv4": true,
                "ipv6": false,
                "ipv6_address": "",
                "ipv6_dns_record": [],
                "mac_address": "d0:0d:10:ec:ba:5f",
                "nat": true,
                "nat_dns_record": [],
                "nat_ip_address": "158.160.5.170",
                "nat_ip_version": "IPV4",
                "security_group_ids": [
                  "enpn16a0icfh8khcc7bp"
                ],
                "subnet_id": "e2lan46j3uts00kggdd7"
              }
            ],
            "placement_policy": [
              {
                "host_affinity_rules": [],
                "placement_group_id": ""
              }
            ],
            "platform_id": "standard-v1",
            "resources": [
              {
                "core_fraction": 100,
                "cores": 4,
                "gpus": 0,
                "memory": 8
              }
            ],
            "scheduling_policy": [
              {
                "preemptible": false
              }
            ],
            "secondary_disk": [],
            "service_account_id": "",
            "status": "running",
            "timeouts": null,
            "zone": "ru-central1-b"
          },
          "sensitive_attributes": [],
          "private": "eyJlMmJmYjczMC1lY2FhLTExZTYtOGY4OC0zNDM2M2JjN2M0YzAiOnsiY3JlYXRlIjozMDAwMDAwMDAwMDAsImRlbGV0ZSI6MzAwMDAwMDAwMDAwLCJ1cGRhdGUiOjMwMDAwMDAwMDAwMH0sInNjaGVtYV92ZXJzaW9uIjoiMSJ9",
          "dependencies": [
            "yandex_vpc_network.network-1",
            "yandex_vpc_security_group.elastic_sg",
            "yandex_vpc_security_group.grafana_sg",
            "yandex_vpc_security_group.kibana_sg",
            "yandex_vpc_security_group.prometheus_sg",
            "yandex_vpc_security_group.webservers_sg",
            "yandex_vpc_subnet.subnet-1",
            "yandex_vpc_subnet.subnet-2"
          ]
        }
      ]
    },
    {
      "mode": "managed",
      "type": "yandex_compute_instance",
      "name": "grafana",
      "provider": "provider[\"registry.terraform.io/yandex-cloud/yandex\"]",
      "instances": [
        {
          "schema_version": 1,
          "attributes": {
            "allow_recreate": null,
            "allow_stopping_for_update": null,
            "boot_disk": [
              {
                "auto_delete": true,
                "device_name": "ef3og770lcme5nsqpfk3",
                "disk_id": "ef3og770lcme5nsqpfk3",
                "initialize_params": [
                  {
                    "block_size": 4096,
                    "description": "",
                    "image_id": "fd8cp9rjherlilnosipf",
                    "name": "",
                    "size": 10,
                    "snapshot_id": "",
                    "type": "network-hdd"
                  }
                ],
                "mode": "READ_WRITE"
              }
            ],
            "created_at": "2023-03-09T04:48:45Z",
            "description": "",
            "filesystem": [],
            "folder_id": "b1g6a545g5vdkit1j78m",
            "fqdn": "ef3f2f79q03eaosoehb7.auto.internal",
            "hostname": "",
            "id": "ef3f2f79q03eaosoehb7",
            "labels": null,
            "local_disk": [],
            "metadata": {
              "user-data": "#cloud-config\nssh_pwauth: no\nusers:\n  - name: yasher\n    sudo: ALL=(ALL) NOPASSWD:ALL\n    shell: /bin/bash\n    ssh_authorized_keys:\n      - ssh-rsa AAAAB3NzaC1yc2EAAAADAQABAAACAQDXXJhTQWqfkpqPKcmsuMLF6rh58x2rjw2u9VO/KvjsU3ATqeE8TlzyWrUJ1ncgyLoPpg9BLT8Emk3/9lU9XQH9CbGkT3pqst3He/0AGXrHhp90Lphisp33PMQlmPE5PhhcuOJ+Aux/9bqONqxjXWpmm3iv+PtVlrdNmg+x5oNVl0cEmwb7GEKorf02vwzRZOIlaiSQClZIW973GnBnHloQFo8np8EsFf5/2I/M/siuWsKCxHnAMGC88hRgy8naJHzP4GKAS6ZQkRlDMimqPPVTeSbz+q/D/1iZ/IOgf2UUwuJOKLqp1kvGv7Ki8h8pKuXf4Sz2L4d+QPtlA+SeMKtXR0WTx7FvUz7cNM6a2iq34bg2g+Sv45PRWm/+XPal8Npi/TvHxntdmC+PjadjeOX8us4uhvnmE/O5Nv0nqlfLSFVwH7uIVE0gJnhZGZBQER0ydD5Qgsh3SEb+Gz3g3Wj0VX1+Pz2v5IS1mL2crSjlmPpaW/QimmToDKMudvTXmbbbpmPPj9revC7T4Bam8bU5SqPgL6FkQUyppu4STG3wtaSpqbzxZROlulunDWFhyzv4v2RPlVkxSVDFHWYOZaMDTXyOa0JeNI/NlYReskF1rU3qRC53ntabU//0Kq+O/LMFcsUPU5J/ll/rVm6oNQgzmNSeStP38IJAB21SO1ycqQ== slava@slava-Lenovo-V130-15IKB\n"
            },
            "metadata_options": [
              {
                "aws_v1_http_endpoint": 1,
                "aws_v1_http_token": 2,
                "gce_http_endpoint": 1,
                "gce_http_token": 1
              }
            ],
            "name": "grafana",
            "network_acceleration_type": "standard",
            "network_interface": [
              {
                "dns_record": [],
                "index": 0,
                "ip_address": "192.168.30.22",
                "ipv4": true,
                "ipv6": false,
                "ipv6_address": "",
                "ipv6_dns_record": [],
                "mac_address": "d0:0d:f1:3c:e9:d0",
                "nat": true,
                "nat_dns_record": [],
                "nat_ip_address": "51.250.47.38",
                "nat_ip_version": "IPV4",
                "security_group_ids": [
                  "enpuha5jcu8uqoqtpll6"
                ],
                "subnet_id": "b0c1dspg7sc5e0g3mhm0"
              }
            ],
            "placement_policy": [
              {
                "host_affinity_rules": [],
                "placement_group_id": ""
              }
            ],
            "platform_id": "standard-v1",
            "resources": [
              {
                "core_fraction": 100,
                "cores": 2,
                "gpus": 0,
                "memory": 2
              }
            ],
            "scheduling_policy": [
              {
                "preemptible": false
              }
            ],
            "secondary_disk": [],
            "service_account_id": "",
            "status": "running",
            "timeouts": null,
            "zone": "ru-central1-c"
          },
          "sensitive_attributes": [],
          "private": "eyJlMmJmYjczMC1lY2FhLTExZTYtOGY4OC0zNDM2M2JjN2M0YzAiOnsiY3JlYXRlIjozMDAwMDAwMDAwMDAsImRlbGV0ZSI6MzAwMDAwMDAwMDAwLCJ1cGRhdGUiOjMwMDAwMDAwMDAwMH0sInNjaGVtYV92ZXJzaW9uIjoiMSJ9",
          "dependencies": [
            "yandex_vpc_network.network-1",
            "yandex_vpc_security_group.grafana_sg",
            "yandex_vpc_subnet.subnet-3"
          ]
        }
      ]
    },
    {
      "mode": "managed",
      "type": "yandex_compute_instance",
      "name": "kibana",
      "provider": "provider[\"registry.terraform.io/yandex-cloud/yandex\"]",
      "instances": [
        {
          "schema_version": 1,
          "attributes": {
            "allow_recreate": null,
            "allow_stopping_for_update": true,
            "boot_disk": [
              {
                "auto_delete": true,
                "device_name": "epd73bjbf0lctu6vqkod",
                "disk_id": "epd73bjbf0lctu6vqkod",
                "initialize_params": [
                  {
                    "block_size": 4096,
                    "description": "",
                    "image_id": "fd82vol772l2nq9p12pb",
                    "name": "",
                    "size": 10,
                    "snapshot_id": "",
                    "type": "network-hdd"
                  }
                ],
                "mode": "READ_WRITE"
              }
            ],
            "created_at": "2023-03-09T04:48:47Z",
            "description": "",
            "filesystem": [],
            "folder_id": "b1g6a545g5vdkit1j78m",
            "fqdn": "epdr5n3dgag1nvp576al.auto.internal",
            "hostname": "",
            "id": "epdr5n3dgag1nvp576al",
            "labels": null,
            "local_disk": [],
            "metadata": {
              "user-data": "#cloud-config\nssh_pwauth: no\nusers:\n  - name: yasher\n    sudo: ALL=(ALL) NOPASSWD:ALL\n    shell: /bin/bash\n    ssh_authorized_keys:\n      - ssh-rsa AAAAB3NzaC1yc2EAAAADAQABAAACAQDXXJhTQWqfkpqPKcmsuMLF6rh58x2rjw2u9VO/KvjsU3ATqeE8TlzyWrUJ1ncgyLoPpg9BLT8Emk3/9lU9XQH9CbGkT3pqst3He/0AGXrHhp90Lphisp33PMQlmPE5PhhcuOJ+Aux/9bqONqxjXWpmm3iv+PtVlrdNmg+x5oNVl0cEmwb7GEKorf02vwzRZOIlaiSQClZIW973GnBnHloQFo8np8EsFf5/2I/M/siuWsKCxHnAMGC88hRgy8naJHzP4GKAS6ZQkRlDMimqPPVTeSbz+q/D/1iZ/IOgf2UUwuJOKLqp1kvGv7Ki8h8pKuXf4Sz2L4d+QPtlA+SeMKtXR0WTx7FvUz7cNM6a2iq34bg2g+Sv45PRWm/+XPal8Npi/TvHxntdmC+PjadjeOX8us4uhvnmE/O5Nv0nqlfLSFVwH7uIVE0gJnhZGZBQER0ydD5Qgsh3SEb+Gz3g3Wj0VX1+Pz2v5IS1mL2crSjlmPpaW/QimmToDKMudvTXmbbbpmPPj9revC7T4Bam8bU5SqPgL6FkQUyppu4STG3wtaSpqbzxZROlulunDWFhyzv4v2RPlVkxSVDFHWYOZaMDTXyOa0JeNI/NlYReskF1rU3qRC53ntabU//0Kq+O/LMFcsUPU5J/ll/rVm6oNQgzmNSeStP38IJAB21SO1ycqQ== slava@slava-Lenovo-V130-15IKB\n"
            },
            "metadata_options": [
              {
                "aws_v1_http_endpoint": 1,
                "aws_v1_http_token": 2,
                "gce_http_endpoint": 1,
                "gce_http_token": 1
              }
            ],
            "name": "kibana",
            "network_acceleration_type": "standard",
            "network_interface": [
              {
                "dns_record": [],
                "index": 0,
                "ip_address": "192.168.20.26",
                "ipv4": true,
                "ipv6": false,
                "ipv6_address": "",
                "ipv6_dns_record": [],
                "mac_address": "d0:0d:1b:2d:c6:d8",
                "nat": true,
                "nat_dns_record": [],
                "nat_ip_address": "158.160.22.194",
                "nat_ip_version": "IPV4",
                "security_group_ids": [
                  "enpsqldd2s3e80kkiri8"
                ],
                "subnet_id": "e2lan46j3uts00kggdd7"
              }
            ],
            "placement_policy": [
              {
                "host_affinity_rules": [],
                "placement_group_id": ""
              }
            ],
            "platform_id": "standard-v1",
            "resources": [
              {
                "core_fraction": 100,
                "cores": 4,
                "gpus": 0,
                "memory": 8
              }
            ],
            "scheduling_policy": [
              {
                "preemptible": false
              }
            ],
            "secondary_disk": [],
            "service_account_id": "",
            "status": "running",
            "timeouts": null,
            "zone": "ru-central1-b"
          },
          "sensitive_attributes": [],
          "private": "eyJlMmJmYjczMC1lY2FhLTExZTYtOGY4OC0zNDM2M2JjN2M0YzAiOnsiY3JlYXRlIjozMDAwMDAwMDAwMDAsImRlbGV0ZSI6MzAwMDAwMDAwMDAwLCJ1cGRhdGUiOjMwMDAwMDAwMDAwMH0sInNjaGVtYV92ZXJzaW9uIjoiMSJ9",
          "dependencies": [
            "yandex_vpc_network.network-1",
            "yandex_vpc_security_group.kibana_sg",
            "yandex_vpc_subnet.subnet-2"
          ]
        }
      ]
    },
    {
      "mode": "managed",
      "type": "yandex_compute_instance",
      "name": "prometeus",
      "provider": "provider[\"registry.terraform.io/yandex-cloud/yandex\"]",
      "instances": [
        {
          "schema_version": 1,
          "attributes": {
            "allow_recreate": null,
            "allow_stopping_for_update": null,
            "boot_disk": [
              {
                "auto_delete": true,
                "device_name": "ef3rrh7r93folfcav6r4",
                "disk_id": "ef3rrh7r93folfcav6r4",
                "initialize_params": [
                  {
                    "block_size": 4096,
                    "description": "",
                    "image_id": "fd8mj0q8vkpvbpk9d0a0",
                    "name": "",
                    "size": 10,
                    "snapshot_id": "",
                    "type": "network-hdd"
                  }
                ],
                "mode": "READ_WRITE"
              }
            ],
            "created_at": "2023-03-09T04:48:50Z",
            "description": "",
            "filesystem": [],
            "folder_id": "b1g6a545g5vdkit1j78m",
            "fqdn": "ef3vc17jcog5env6vrk1.auto.internal",
            "hostname": "",
            "id": "ef3vc17jcog5env6vrk1",
            "labels": null,
            "local_disk": [],
            "metadata": {
              "user-data": "#cloud-config\nssh_pwauth: no\nusers:\n  - name: yasher\n    sudo: ALL=(ALL) NOPASSWD:ALL\n    shell: /bin/bash\n    ssh_authorized_keys:\n      - ssh-rsa AAAAB3NzaC1yc2EAAAADAQABAAACAQDXXJhTQWqfkpqPKcmsuMLF6rh58x2rjw2u9VO/KvjsU3ATqeE8TlzyWrUJ1ncgyLoPpg9BLT8Emk3/9lU9XQH9CbGkT3pqst3He/0AGXrHhp90Lphisp33PMQlmPE5PhhcuOJ+Aux/9bqONqxjXWpmm3iv+PtVlrdNmg+x5oNVl0cEmwb7GEKorf02vwzRZOIlaiSQClZIW973GnBnHloQFo8np8EsFf5/2I/M/siuWsKCxHnAMGC88hRgy8naJHzP4GKAS6ZQkRlDMimqPPVTeSbz+q/D/1iZ/IOgf2UUwuJOKLqp1kvGv7Ki8h8pKuXf4Sz2L4d+QPtlA+SeMKtXR0WTx7FvUz7cNM6a2iq34bg2g+Sv45PRWm/+XPal8Npi/TvHxntdmC+PjadjeOX8us4uhvnmE/O5Nv0nqlfLSFVwH7uIVE0gJnhZGZBQER0ydD5Qgsh3SEb+Gz3g3Wj0VX1+Pz2v5IS1mL2crSjlmPpaW/QimmToDKMudvTXmbbbpmPPj9revC7T4Bam8bU5SqPgL6FkQUyppu4STG3wtaSpqbzxZROlulunDWFhyzv4v2RPlVkxSVDFHWYOZaMDTXyOa0JeNI/NlYReskF1rU3qRC53ntabU//0Kq+O/LMFcsUPU5J/ll/rVm6oNQgzmNSeStP38IJAB21SO1ycqQ== slava@slava-Lenovo-V130-15IKB\n"
            },
            "metadata_options": [
              {
                "aws_v1_http_endpoint": 1,
                "aws_v1_http_token": 2,
                "gce_http_endpoint": 1,
                "gce_http_token": 1
              }
            ],
            "name": "prometeus",
            "network_acceleration_type": "standard",
            "network_interface": [
              {
                "dns_record": [],
                "index": 0,
                "ip_address": "192.168.30.16",
                "ipv4": true,
                "ipv6": false,
                "ipv6_address": "",
                "ipv6_dns_record": [],
                "mac_address": "d0:0d:1f:60:4f:36",
                "nat": true,
                "nat_dns_record": [],
                "nat_ip_address": "51.250.46.178",
                "nat_ip_version": "IPV4",
                "security_group_ids": [
                  "enpqmccq2vieehrm75hr"
                ],
                "subnet_id": "b0c1dspg7sc5e0g3mhm0"
              }
            ],
            "placement_policy": [
              {
                "host_affinity_rules": [],
                "placement_group_id": ""
              }
            ],
            "platform_id": "standard-v1",
            "resources": [
              {
                "core_fraction": 100,
                "cores": 2,
                "gpus": 0,
                "memory": 2
              }
            ],
            "scheduling_policy": [
              {
                "preemptible": false
              }
            ],
            "secondary_disk": [],
            "service_account_id": "",
            "status": "running",
            "timeouts": null,
            "zone": "ru-central1-c"
          },
          "sensitive_attributes": [],
          "private": "eyJlMmJmYjczMC1lY2FhLTExZTYtOGY4OC0zNDM2M2JjN2M0YzAiOnsiY3JlYXRlIjozMDAwMDAwMDAwMDAsImRlbGV0ZSI6MzAwMDAwMDAwMDAwLCJ1cGRhdGUiOjMwMDAwMDAwMDAwMH0sInNjaGVtYV92ZXJzaW9uIjoiMSJ9",
          "dependencies": [
            "yandex_vpc_network.network-1",
            "yandex_vpc_security_group.grafana_sg",
            "yandex_vpc_security_group.prometheus_sg",
            "yandex_vpc_subnet.subnet-3"
          ]
        }
      ]
    },
    {
      "mode": "managed",
      "type": "yandex_compute_instance",
      "name": "webserver1",
      "provider": "provider[\"registry.terraform.io/yandex-cloud/yandex\"]",
      "instances": [
        {
          "schema_version": 1,
          "attributes": {
            "allow_recreate": null,
            "allow_stopping_for_update": null,
            "boot_disk": [
              {
                "auto_delete": true,
                "device_name": "fhmqudf26emt3o7js8e2",
                "disk_id": "fhmqudf26emt3o7js8e2",
                "initialize_params": [
                  {
                    "block_size": 4096,
                    "description": "",
                    "image_id": "fd8jvcoeij6u9se84dt5",
                    "name": "",
                    "size": 10,
                    "snapshot_id": "",
                    "type": "network-hdd"
                  }
                ],
                "mode": "READ_WRITE"
              }
            ],
            "created_at": "2023-03-09T04:48:51Z",
            "description": "",
            "filesystem": [],
            "folder_id": "b1g6a545g5vdkit1j78m",
            "fqdn": "fhmjhvleb5n46sbq6on0.auto.internal",
            "hostname": "",
            "id": "fhmjhvleb5n46sbq6on0",
            "labels": null,
            "local_disk": [],
            "metadata": {
              "user-data": "#cloud-config\nssh_pwauth: no\nusers:\n  - name: yasher\n    sudo: ALL=(ALL) NOPASSWD:ALL\n    shell: /bin/bash\n    ssh_authorized_keys:\n      - ssh-rsa AAAAB3NzaC1yc2EAAAADAQABAAACAQDXXJhTQWqfkpqPKcmsuMLF6rh58x2rjw2u9VO/KvjsU3ATqeE8TlzyWrUJ1ncgyLoPpg9BLT8Emk3/9lU9XQH9CbGkT3pqst3He/0AGXrHhp90Lphisp33PMQlmPE5PhhcuOJ+Aux/9bqONqxjXWpmm3iv+PtVlrdNmg+x5oNVl0cEmwb7GEKorf02vwzRZOIlaiSQClZIW973GnBnHloQFo8np8EsFf5/2I/M/siuWsKCxHnAMGC88hRgy8naJHzP4GKAS6ZQkRlDMimqPPVTeSbz+q/D/1iZ/IOgf2UUwuJOKLqp1kvGv7Ki8h8pKuXf4Sz2L4d+QPtlA+SeMKtXR0WTx7FvUz7cNM6a2iq34bg2g+Sv45PRWm/+XPal8Npi/TvHxntdmC+PjadjeOX8us4uhvnmE/O5Nv0nqlfLSFVwH7uIVE0gJnhZGZBQER0ydD5Qgsh3SEb+Gz3g3Wj0VX1+Pz2v5IS1mL2crSjlmPpaW/QimmToDKMudvTXmbbbpmPPj9revC7T4Bam8bU5SqPgL6FkQUyppu4STG3wtaSpqbzxZROlulunDWFhyzv4v2RPlVkxSVDFHWYOZaMDTXyOa0JeNI/NlYReskF1rU3qRC53ntabU//0Kq+O/LMFcsUPU5J/ll/rVm6oNQgzmNSeStP38IJAB21SO1ycqQ== slava@slava-Lenovo-V130-15IKB\n"
            },
            "metadata_options": [
              {
                "aws_v1_http_endpoint": 1,
                "aws_v1_http_token": 2,
                "gce_http_endpoint": 1,
                "gce_http_token": 1
              }
            ],
            "name": "webserver1",
            "network_acceleration_type": "standard",
            "network_interface": [
              {
                "dns_record": [],
                "index": 0,
                "ip_address": "192.168.10.5",
                "ipv4": true,
                "ipv6": false,
                "ipv6_address": "",
                "ipv6_dns_record": [],
                "mac_address": "d0:0d:13:8f:ea:e5",
                "nat": true,
                "nat_dns_record": [],
                "nat_ip_address": "51.250.80.138",
                "nat_ip_version": "IPV4",
                "security_group_ids": [
                  "enpld6m14q79c6fm5on6"
                ],
                "subnet_id": "e9b8qrc41qb6u5ttt07b"
              }
            ],
            "placement_policy": [
              {
                "host_affinity_rules": [],
                "placement_group_id": ""
              }
            ],
            "platform_id": "standard-v1",
            "resources": [
              {
                "core_fraction": 100,
                "cores": 2,
                "gpus": 0,
                "memory": 2
              }
            ],
            "scheduling_policy": [
              {
                "preemptible": false
              }
            ],
            "secondary_disk": [],
            "service_account_id": "",
            "status": "running",
            "timeouts": null,
            "zone": "ru-central1-a"
          },
          "sensitive_attributes": [],
          "private": "eyJlMmJmYjczMC1lY2FhLTExZTYtOGY4OC0zNDM2M2JjN2M0YzAiOnsiY3JlYXRlIjozMDAwMDAwMDAwMDAsImRlbGV0ZSI6MzAwMDAwMDAwMDAwLCJ1cGRhdGUiOjMwMDAwMDAwMDAwMH0sInNjaGVtYV92ZXJzaW9uIjoiMSJ9",
          "dependencies": [
            "yandex_vpc_network.network-1",
            "yandex_vpc_security_group.grafana_sg",
            "yandex_vpc_security_group.prometheus_sg",
            "yandex_vpc_security_group.webservers_sg",
            "yandex_vpc_subnet.subnet-1",
            "yandex_vpc_subnet.subnet-2"
          ]
        }
      ]
    },
    {
      "mode": "managed",
      "type": "yandex_compute_instance",
      "name": "webserver2",
      "provider": "provider[\"registry.terraform.io/yandex-cloud/yandex\"]",
      "instances": [
        {
          "schema_version": 1,
          "attributes": {
            "allow_recreate": null,
            "allow_stopping_for_update": null,
            "boot_disk": [
              {
                "auto_delete": true,
                "device_name": "epdv5btiad40b8n3c1qo",
                "disk_id": "epdv5btiad40b8n3c1qo",
                "initialize_params": [
                  {
                    "block_size": 4096,
                    "description": "",
                    "image_id": "fd8jvcoeij6u9se84dt5",
                    "name": "",
                    "size": 10,
                    "snapshot_id": "",
                    "type": "network-hdd"
                  }
                ],
                "mode": "READ_WRITE"
              }
            ],
            "created_at": "2023-03-09T04:48:51Z",
            "description": "",
            "filesystem": [],
            "folder_id": "b1g6a545g5vdkit1j78m",
            "fqdn": "epdcvnfdmj9281j9s2h9.auto.internal",
            "hostname": "",
            "id": "epdcvnfdmj9281j9s2h9",
            "labels": null,
            "local_disk": [],
            "metadata": {
              "user-data": "#cloud-config\nssh_pwauth: no\nusers:\n  - name: yasher\n    sudo: ALL=(ALL) NOPASSWD:ALL\n    shell: /bin/bash\n    ssh_authorized_keys:\n      - ssh-rsa AAAAB3NzaC1yc2EAAAADAQABAAACAQDXXJhTQWqfkpqPKcmsuMLF6rh58x2rjw2u9VO/KvjsU3ATqeE8TlzyWrUJ1ncgyLoPpg9BLT8Emk3/9lU9XQH9CbGkT3pqst3He/0AGXrHhp90Lphisp33PMQlmPE5PhhcuOJ+Aux/9bqONqxjXWpmm3iv+PtVlrdNmg+x5oNVl0cEmwb7GEKorf02vwzRZOIlaiSQClZIW973GnBnHloQFo8np8EsFf5/2I/M/siuWsKCxHnAMGC88hRgy8naJHzP4GKAS6ZQkRlDMimqPPVTeSbz+q/D/1iZ/IOgf2UUwuJOKLqp1kvGv7Ki8h8pKuXf4Sz2L4d+QPtlA+SeMKtXR0WTx7FvUz7cNM6a2iq34bg2g+Sv45PRWm/+XPal8Npi/TvHxntdmC+PjadjeOX8us4uhvnmE/O5Nv0nqlfLSFVwH7uIVE0gJnhZGZBQER0ydD5Qgsh3SEb+Gz3g3Wj0VX1+Pz2v5IS1mL2crSjlmPpaW/QimmToDKMudvTXmbbbpmPPj9revC7T4Bam8bU5SqPgL6FkQUyppu4STG3wtaSpqbzxZROlulunDWFhyzv4v2RPlVkxSVDFHWYOZaMDTXyOa0JeNI/NlYReskF1rU3qRC53ntabU//0Kq+O/LMFcsUPU5J/ll/rVm6oNQgzmNSeStP38IJAB21SO1ycqQ== slava@slava-Lenovo-V130-15IKB\n"
            },
            "metadata_options": [
              {
                "aws_v1_http_endpoint": 1,
                "aws_v1_http_token": 2,
                "gce_http_endpoint": 1,
                "gce_http_token": 1
              }
            ],
            "name": "webserver2",
            "network_acceleration_type": "standard",
            "network_interface": [
              {
                "dns_record": [],
                "index": 0,
                "ip_address": "192.168.20.13",
                "ipv4": true,
                "ipv6": false,
                "ipv6_address": "",
                "ipv6_dns_record": [],
                "mac_address": "d0:0d:cf:dd:ed:b4",
                "nat": true,
                "nat_dns_record": [],
                "nat_ip_address": "158.160.4.120",
                "nat_ip_version": "IPV4",
                "security_group_ids": [
                  "enpld6m14q79c6fm5on6"
                ],
                "subnet_id": "e2lan46j3uts00kggdd7"
              }
            ],
            "placement_policy": [
              {
                "host_affinity_rules": [],
                "placement_group_id": ""
              }
            ],
            "platform_id": "standard-v1",
            "resources": [
              {
                "core_fraction": 100,
                "cores": 2,
                "gpus": 0,
                "memory": 2
              }
            ],
            "scheduling_policy": [
              {
                "preemptible": false
              }
            ],
            "secondary_disk": [],
            "service_account_id": "",
            "status": "running",
            "timeouts": null,
            "zone": "ru-central1-b"
          },
          "sensitive_attributes": [],
          "private": "eyJlMmJmYjczMC1lY2FhLTExZTYtOGY4OC0zNDM2M2JjN2M0YzAiOnsiY3JlYXRlIjozMDAwMDAwMDAwMDAsImRlbGV0ZSI6MzAwMDAwMDAwMDAwLCJ1cGRhdGUiOjMwMDAwMDAwMDAwMH0sInNjaGVtYV92ZXJzaW9uIjoiMSJ9",
          "dependencies": [
            "yandex_vpc_network.network-1",
            "yandex_vpc_security_group.grafana_sg",
            "yandex_vpc_security_group.prometheus_sg",
            "yandex_vpc_security_group.webservers_sg",
            "yandex_vpc_subnet.subnet-1",
            "yandex_vpc_subnet.subnet-2"
          ]
        }
      ]
    },
    {
      "mode": "managed",
      "type": "yandex_compute_snapshot",
      "name": "bastion-snap",
      "provider": "provider[\"registry.terraform.io/yandex-cloud/yandex\"]",
      "instances": [
        {
          "schema_version": 0,
          "attributes": {
            "created_at": "2023-03-09T04:49:19Z",
            "description": "",
            "disk_size": 10,
            "folder_id": "b1g6a545g5vdkit1j78m",
            "id": "fd8411ilplf1tojrv0k4",
            "labels": null,
            "name": "bastion-snap",
            "source_disk_id": "epdi884fvtutof5asvcd",
            "storage_size": 1,
            "timeouts": null
          },
          "sensitive_attributes": [],
          "private": "eyJlMmJmYjczMC1lY2FhLTExZTYtOGY4OC0zNDM2M2JjN2M0YzAiOnsiY3JlYXRlIjoxMjAwMDAwMDAwMDAwLCJkZWxldGUiOjEyMDAwMDAwMDAwMDAsInVwZGF0ZSI6MTIwMDAwMDAwMDAwMH19",
          "dependencies": [
            "yandex_compute_instance.bastion",
            "yandex_vpc_network.network-1",
            "yandex_vpc_security_group.bastion_sg",
            "yandex_vpc_subnet.subnet-2"
          ]
        }
      ]
    },
    {
      "mode": "managed",
      "type": "yandex_compute_snapshot",
      "name": "elastic-snap",
      "provider": "provider[\"registry.terraform.io/yandex-cloud/yandex\"]",
      "instances": [
        {
          "schema_version": 0,
          "attributes": {
            "created_at": "2023-03-09T04:49:22Z",
            "description": "",
            "disk_size": 10,
            "folder_id": "b1g6a545g5vdkit1j78m",
            "id": "fd8buk5r6nev0hddil4s",
            "labels": null,
            "name": "elastic-snap",
            "source_disk_id": "epd61a7os4r3nc1a1m1o",
            "storage_size": 1,
            "timeouts": null
          },
          "sensitive_attributes": [],
          "private": "eyJlMmJmYjczMC1lY2FhLTExZTYtOGY4OC0zNDM2M2JjN2M0YzAiOnsiY3JlYXRlIjoxMjAwMDAwMDAwMDAwLCJkZWxldGUiOjEyMDAwMDAwMDAwMDAsInVwZGF0ZSI6MTIwMDAwMDAwMDAwMH19",
          "dependencies": [
            "yandex_compute_instance.elastic",
            "yandex_vpc_network.network-1",
            "yandex_vpc_security_group.elastic_sg",
            "yandex_vpc_security_group.grafana_sg",
            "yandex_vpc_security_group.kibana_sg",
            "yandex_vpc_security_group.prometheus_sg",
            "yandex_vpc_security_group.webservers_sg",
            "yandex_vpc_subnet.subnet-1",
            "yandex_vpc_subnet.subnet-2"
          ]
        }
      ]
    },
    {
      "mode": "managed",
      "type": "yandex_compute_snapshot",
      "name": "grafana-snap",
      "provider": "provider[\"registry.terraform.io/yandex-cloud/yandex\"]",
      "instances": [
        {
          "schema_version": 0,
          "attributes": {
            "created_at": "2023-03-09T04:49:15Z",
            "description": "",
            "disk_size": 10,
            "folder_id": "b1g6a545g5vdkit1j78m",
            "id": "fd83mohnlbchg6bvuh9b",
            "labels": null,
            "name": "grafana-snap",
            "source_disk_id": "ef3og770lcme5nsqpfk3",
            "storage_size": 2,
            "timeouts": null
          },
          "sensitive_attributes": [],
          "private": "eyJlMmJmYjczMC1lY2FhLTExZTYtOGY4OC0zNDM2M2JjN2M0YzAiOnsiY3JlYXRlIjoxMjAwMDAwMDAwMDAwLCJkZWxldGUiOjEyMDAwMDAwMDAwMDAsInVwZGF0ZSI6MTIwMDAwMDAwMDAwMH19",
          "dependencies": [
            "yandex_compute_instance.grafana",
            "yandex_vpc_network.network-1",
            "yandex_vpc_security_group.grafana_sg",
            "yandex_vpc_subnet.subnet-3"
          ]
        }
      ]
    },
    {
      "mode": "managed",
      "type": "yandex_compute_snapshot",
      "name": "kibana-snap",
      "provider": "provider[\"registry.terraform.io/yandex-cloud/yandex\"]",
      "instances": [
        {
          "schema_version": 0,
          "attributes": {
            "created_at": "2023-03-09T04:49:24Z",
            "description": "",
            "disk_size": 10,
            "folder_id": "b1g6a545g5vdkit1j78m",
            "id": "fd8vgqjjhqoesia54i7u",
            "labels": null,
            "name": "kibana-snap",
            "source_disk_id": "epd73bjbf0lctu6vqkod",
            "storage_size": 1,
            "timeouts": null
          },
          "sensitive_attributes": [],
          "private": "eyJlMmJmYjczMC1lY2FhLTExZTYtOGY4OC0zNDM2M2JjN2M0YzAiOnsiY3JlYXRlIjoxMjAwMDAwMDAwMDAwLCJkZWxldGUiOjEyMDAwMDAwMDAwMDAsInVwZGF0ZSI6MTIwMDAwMDAwMDAwMH19",
          "dependencies": [
            "yandex_compute_instance.kibana",
            "yandex_vpc_network.network-1",
            "yandex_vpc_security_group.kibana_sg",
            "yandex_vpc_subnet.subnet-2"
          ]
        }
      ]
    },
    {
      "mode": "managed",
      "type": "yandex_compute_snapshot",
      "name": "prometheus-snap",
      "provider": "provider[\"registry.terraform.io/yandex-cloud/yandex\"]",
      "instances": [
        {
          "schema_version": 0,
          "attributes": {
            "created_at": "2023-03-09T04:49:19Z",
            "description": "",
            "disk_size": 10,
            "folder_id": "b1g6a545g5vdkit1j78m",
            "id": "fd862tj31kbbb2nv71g4",
            "labels": null,
            "name": "prometheus-snap",
            "source_disk_id": "ef3rrh7r93folfcav6r4",
            "storage_size": 1,
            "timeouts": null
          },
          "sensitive_attributes": [],
          "private": "eyJlMmJmYjczMC1lY2FhLTExZTYtOGY4OC0zNDM2M2JjN2M0YzAiOnsiY3JlYXRlIjoxMjAwMDAwMDAwMDAwLCJkZWxldGUiOjEyMDAwMDAwMDAwMDAsInVwZGF0ZSI6MTIwMDAwMDAwMDAwMH19",
          "dependencies": [
            "yandex_compute_instance.prometeus",
            "yandex_vpc_network.network-1",
            "yandex_vpc_security_group.grafana_sg",
            "yandex_vpc_security_group.prometheus_sg",
            "yandex_vpc_subnet.subnet-3"
          ]
        }
      ]
    },
    {
      "mode": "managed",
      "type": "yandex_compute_snapshot",
      "name": "webserver1-snap",
      "provider": "provider[\"registry.terraform.io/yandex-cloud/yandex\"]",
      "instances": [
        {
          "schema_version": 0,
          "attributes": {
            "created_at": "2023-03-09T04:49:28Z",
            "description": "",
            "disk_size": 10,
            "folder_id": "b1g6a545g5vdkit1j78m",
            "id": "fd81bknqddgagj9sptrb",
            "labels": null,
            "name": "webserver1-snap",
            "source_disk_id": "fhmqudf26emt3o7js8e2",
            "storage_size": 1,
            "timeouts": null
          },
          "sensitive_attributes": [],
          "private": "eyJlMmJmYjczMC1lY2FhLTExZTYtOGY4OC0zNDM2M2JjN2M0YzAiOnsiY3JlYXRlIjoxMjAwMDAwMDAwMDAwLCJkZWxldGUiOjEyMDAwMDAwMDAwMDAsInVwZGF0ZSI6MTIwMDAwMDAwMDAwMH19",
          "dependencies": [
            "yandex_compute_instance.webserver1",
            "yandex_vpc_network.network-1",
            "yandex_vpc_security_group.grafana_sg",
            "yandex_vpc_security_group.prometheus_sg",
            "yandex_vpc_security_group.webservers_sg",
            "yandex_vpc_subnet.subnet-1",
            "yandex_vpc_subnet.subnet-2"
          ]
        }
      ]
    },
    {
      "mode": "managed",
      "type": "yandex_compute_snapshot",
      "name": "webserver2-snap",
      "provider": "provider[\"registry.terraform.io/yandex-cloud/yandex\"]",
      "instances": [
        {
          "schema_version": 0,
          "attributes": {
            "created_at": "2023-03-09T04:49:29Z",
            "description": "",
            "disk_size": 10,
            "folder_id": "b1g6a545g5vdkit1j78m",
            "id": "fd8og8v6d89ha38b4ndd",
            "labels": null,
            "name": "webserver2-snap",
            "source_disk_id": "epdv5btiad40b8n3c1qo",
            "storage_size": 1,
            "timeouts": null
          },
          "sensitive_attributes": [],
          "private": "eyJlMmJmYjczMC1lY2FhLTExZTYtOGY4OC0zNDM2M2JjN2M0YzAiOnsiY3JlYXRlIjoxMjAwMDAwMDAwMDAwLCJkZWxldGUiOjEyMDAwMDAwMDAwMDAsInVwZGF0ZSI6MTIwMDAwMDAwMDAwMH19",
          "dependencies": [
            "yandex_compute_instance.webserver2",
            "yandex_vpc_network.network-1",
            "yandex_vpc_security_group.grafana_sg",
            "yandex_vpc_security_group.prometheus_sg",
            "yandex_vpc_security_group.webservers_sg",
            "yandex_vpc_subnet.subnet-1",
            "yandex_vpc_subnet.subnet-2"
          ]
        }
      ]
    },
    {
      "mode": "managed",
      "type": "yandex_compute_snapshot_schedule",
      "name": "default",
      "provider": "provider[\"registry.terraform.io/yandex-cloud/yandex\"]",
      "instances": [
        {
          "schema_version": 0,
          "attributes": {
            "created_at": "2023-03-09T04:39:33Z",
            "description": "",
            "disk_ids": [
              "fhmqudf26emt3o7js8e2",
              "epdv5btiad40b8n3c1qo",
              "epd73bjbf0lctu6vqkod",
              "epd61a7os4r3nc1a1m1o",
              "ef3og770lcme5nsqpfk3",
              "ef3rrh7r93folfcav6r4",
              "epdi884fvtutof5asvcd"
            ],
            "folder_id": "b1g6a545g5vdkit1j78m",
            "id": "fd8ptfrsdhovvo0ttvud",
            "labels": {
              "my-label": "my-label-value"
            },
            "name": "myschedule",
            "retention_period": "",
            "schedule_policy": [
              {
                "expression": "0 2 * * *",
                "start_at": "1970-01-01T00:00:00Z"
              }
            ],
            "snapshot_count": 7,
            "snapshot_spec": [
              {
                "description": "Мое описание расписания спнапшотов",
                "labels": {
                  "snapshot-label": "my-snapshot-label-value"
                }
              }
            ],
            "status": "active",
            "timeouts": null
          },
          "sensitive_attributes": [],
          "private": "eyJlMmJmYjczMC1lY2FhLTExZTYtOGY4OC0zNDM2M2JjN2M0YzAiOnsiY3JlYXRlIjozMDAwMDAwMDAwMDAsImRlbGV0ZSI6MzAwMDAwMDAwMDAwLCJ1cGRhdGUiOjMwMDAwMDAwMDAwMH19",
          "dependencies": [
            "yandex_compute_instance.bastion",
            "yandex_compute_instance.elastic",
            "yandex_compute_instance.grafana",
            "yandex_compute_instance.kibana",
            "yandex_compute_instance.prometeus",
            "yandex_compute_instance.webserver1",
            "yandex_compute_instance.webserver2",
            "yandex_vpc_network.network-1",
            "yandex_vpc_security_group.bastion_sg",
            "yandex_vpc_security_group.elastic_sg",
            "yandex_vpc_security_group.grafana_sg",
            "yandex_vpc_security_group.kibana_sg",
            "yandex_vpc_security_group.prometheus_sg",
            "yandex_vpc_security_group.webservers_sg",
            "yandex_vpc_subnet.subnet-1",
            "yandex_vpc_subnet.subnet-2",
            "yandex_vpc_subnet.subnet-3"
          ]
        }
      ]
    },
    {
      "mode": "managed",
      "type": "yandex_vpc_network",
      "name": "network-1",
      "provider": "provider[\"registry.terraform.io/yandex-cloud/yandex\"]",
      "instances": [
        {
          "schema_version": 0,
          "attributes": {
            "created_at": "2023-03-09T04:48:41Z",
            "default_security_group_id": "",
            "description": "",
            "folder_id": "b1g6a545g5vdkit1j78m",
            "id": "enpbpspd8pnol7bqcrju",
            "labels": {},
            "name": "network1",
            "subnet_ids": [],
            "timeouts": null
          },
          "sensitive_attributes": [],
          "private": "eyJlMmJmYjczMC1lY2FhLTExZTYtOGY4OC0zNDM2M2JjN2M0YzAiOnsiY3JlYXRlIjo2MDAwMDAwMDAwMCwiZGVsZXRlIjo2MDAwMDAwMDAwMCwidXBkYXRlIjo2MDAwMDAwMDAwMH19"
        }
      ]
    },
    {
      "mode": "managed",
      "type": "yandex_vpc_security_group",
      "name": "balancer_sg",
      "provider": "provider[\"registry.terraform.io/yandex-cloud/yandex\"]",
      "instances": [
        {
          "schema_version": 0,
          "attributes": {
            "created_at": "2023-03-09T04:48:47Z",
            "description": "balancer",
            "egress": [
              {
                "description": "anywhere",
                "from_port": 0,
                "id": "enpgr9v5ttr743b1i99b",
                "labels": {},
                "port": -1,
                "predefined_target": "",
                "protocol": "ANY",
                "security_group_id": "",
                "to_port": 65535,
                "v4_cidr_blocks": [
                  "0.0.0.0/0"
                ],
                "v6_cidr_blocks": []
              }
            ],
            "folder_id": "b1g6a545g5vdkit1j78m",
            "id": "enpc0e4d4i50k0g1u2hi",
            "ingress": [
              {
                "description": "80",
                "from_port": -1,
                "id": "enp39f7o9p4j3en37ml2",
                "labels": {},
                "port": 80,
                "predefined_target": "",
                "protocol": "TCP",
                "security_group_id": "",
                "to_port": -1,
                "v4_cidr_blocks": [
                  "0.0.0.0/0"
                ],
                "v6_cidr_blocks": []
              },
              {
                "description": "healthcheck",
                "from_port": -1,
                "id": "enpibfi4plusavt9enfe",
                "labels": {},
                "port": 30080,
                "predefined_target": "loadbalancer_healthchecks",
                "protocol": "TCP",
                "security_group_id": "",
                "to_port": -1,
                "v4_cidr_blocks": [],
                "v6_cidr_blocks": []
              }
            ],
            "labels": {
              "my-label": "my-label-value"
            },
            "name": "balancer_sg",
            "network_id": "enpbpspd8pnol7bqcrju",
            "status": "ACTIVE",
            "timeouts": null
          },
          "sensitive_attributes": [],
          "private": "eyJlMmJmYjczMC1lY2FhLTExZTYtOGY4OC0zNDM2M2JjN2M0YzAiOnsiY3JlYXRlIjoxODAwMDAwMDAwMDAsImRlbGV0ZSI6MTgwMDAwMDAwMDAwLCJ1cGRhdGUiOjE4MDAwMDAwMDAwMH19",
          "dependencies": [
            "yandex_vpc_network.network-1"
          ]
        }
      ]
    },
    {
      "mode": "managed",
      "type": "yandex_vpc_security_group",
      "name": "bastion_sg",
      "provider": "provider[\"registry.terraform.io/yandex-cloud/yandex\"]",
      "instances": [
        {
          "schema_version": 0,
          "attributes": {
            "created_at": "2023-03-09T04:48:44Z",
            "description": "bastion",
            "egress": [
              {
                "description": "anywhere",
                "from_port": 0,
                "id": "enp1dtpcvo9grbpvnsjh",
                "labels": {},
                "port": -1,
                "predefined_target": "",
                "protocol": "ANY",
                "security_group_id": "",
                "to_port": 65535,
                "v4_cidr_blocks": [
                  "0.0.0.0/0"
                ],
                "v6_cidr_blocks": []
              }
            ],
            "folder_id": "b1g6a545g5vdkit1j78m",
            "id": "enp35ul4sa5puh1o6g2r",
            "ingress": [
              {
                "description": "ssh",
                "from_port": -1,
                "id": "enp0brbjq1gevkudi7i6",
                "labels": {},
                "port": 22,
                "predefined_target": "",
                "protocol": "TCP",
                "security_group_id": "",
                "to_port": -1,
                "v4_cidr_blocks": [
                  "0.0.0.0/0"
                ],
                "v6_cidr_blocks": []
              }
            ],
            "labels": {
              "my-label": "my-label-value"
            },
            "name": "bastion_sg",
            "network_id": "enpbpspd8pnol7bqcrju",
            "status": "ACTIVE",
            "timeouts": null
          },
          "sensitive_attributes": [],
          "private": "eyJlMmJmYjczMC1lY2FhLTExZTYtOGY4OC0zNDM2M2JjN2M0YzAiOnsiY3JlYXRlIjoxODAwMDAwMDAwMDAsImRlbGV0ZSI6MTgwMDAwMDAwMDAwLCJ1cGRhdGUiOjE4MDAwMDAwMDAwMH19",
          "dependencies": [
            "yandex_vpc_network.network-1"
          ]
        }
      ]
    },
    {
      "mode": "managed",
      "type": "yandex_vpc_security_group",
      "name": "elastic_sg",
      "provider": "provider[\"registry.terraform.io/yandex-cloud/yandex\"]",
      "instances": [
        {
          "schema_version": 0,
          "attributes": {
            "created_at": "2023-03-09T04:48:52Z",
            "description": "elastic",
            "egress": [
              {
                "description": "anywhere",
                "from_port": 0,
                "id": "enp4ki0bd9nj6epp9849",
                "labels": {},
                "port": -1,
                "predefined_target": "",
                "protocol": "ANY",
                "security_group_id": "",
                "to_port": 65535,
                "v4_cidr_blocks": [
                  "0.0.0.0/0"
                ],
                "v6_cidr_blocks": []
              }
            ],
            "folder_id": "b1g6a545g5vdkit1j78m",
            "id": "enpn16a0icfh8khcc7bp",
            "ingress": [
              {
                "description": "kibana9200",
                "from_port": -1,
                "id": "enpgocbdfbmf0chpjmsh",
                "labels": {},
                "port": 9200,
                "predefined_target": "",
                "protocol": "TCP",
                "security_group_id": "enpsqldd2s3e80kkiri8",
                "to_port": -1,
                "v4_cidr_blocks": [],
                "v6_cidr_blocks": []
              },
              {
                "description": "ssh",
                "from_port": -1,
                "id": "enprjgfi64igi8611ql9",
                "labels": {},
                "port": 22,
                "predefined_target": "",
                "protocol": "TCP",
                "security_group_id": "",
                "to_port": -1,
                "v4_cidr_blocks": [
                  "0.0.0.0/0"
                ],
                "v6_cidr_blocks": []
              },
              {
                "description": "webservers5044",
                "from_port": -1,
                "id": "enpsdn9nn1juqc4p0vkk",
                "labels": {},
                "port": 5044,
                "predefined_target": "",
                "protocol": "TCP",
                "security_group_id": "enpld6m14q79c6fm5on6",
                "to_port": -1,
                "v4_cidr_blocks": [],
                "v6_cidr_blocks": []
              }
            ],
            "labels": {
              "my-label": "my-label-value"
            },
            "name": "elastic_sg",
            "network_id": "enpbpspd8pnol7bqcrju",
            "status": "ACTIVE",
            "timeouts": null
          },
          "sensitive_attributes": [],
          "private": "eyJlMmJmYjczMC1lY2FhLTExZTYtOGY4OC0zNDM2M2JjN2M0YzAiOnsiY3JlYXRlIjoxODAwMDAwMDAwMDAsImRlbGV0ZSI6MTgwMDAwMDAwMDAwLCJ1cGRhdGUiOjE4MDAwMDAwMDAwMH19",
          "dependencies": [
            "yandex_vpc_network.network-1",
            "yandex_vpc_security_group.grafana_sg",
            "yandex_vpc_security_group.kibana_sg",
            "yandex_vpc_security_group.prometheus_sg",
            "yandex_vpc_security_group.webservers_sg",
            "yandex_vpc_subnet.subnet-1",
            "yandex_vpc_subnet.subnet-2"
          ]
        }
      ]
    },
    {
      "mode": "managed",
      "type": "yandex_vpc_security_group",
      "name": "grafana_sg",
      "provider": "provider[\"registry.terraform.io/yandex-cloud/yandex\"]",
      "instances": [
        {
          "schema_version": 0,
          "attributes": {
            "created_at": "2023-03-09T04:48:43Z",
            "description": "grafana",
            "egress": [
              {
                "description": "anywhere",
                "from_port": 0,
                "id": "enp45ocfqsfo79kq8pi4",
                "labels": {},
                "port": -1,
                "predefined_target": "",
                "protocol": "ANY",
                "security_group_id": "",
                "to_port": 65535,
                "v4_cidr_blocks": [
                  "0.0.0.0/0"
                ],
                "v6_cidr_blocks": []
              }
            ],
            "folder_id": "b1g6a545g5vdkit1j78m",
            "id": "enpuha5jcu8uqoqtpll6",
            "ingress": [
              {
                "description": "ssh",
                "from_port": -1,
                "id": "enp73tp1v4nupfkff7s9",
                "labels": {},
                "port": 22,
                "predefined_target": "",
                "protocol": "TCP",
                "security_group_id": "",
                "to_port": -1,
                "v4_cidr_blocks": [
                  "0.0.0.0/0"
                ],
                "v6_cidr_blocks": []
              },
              {
                "description": "web3000",
                "from_port": -1,
                "id": "enp261ltrecaphur7lgg",
                "labels": {},
                "port": 3000,
                "predefined_target": "",
                "protocol": "TCP",
                "security_group_id": "",
                "to_port": -1,
                "v4_cidr_blocks": [
                  "0.0.0.0/0"
                ],
                "v6_cidr_blocks": []
              }
            ],
            "labels": {
              "my-label": "my-label-value"
            },
            "name": "grafana_sg",
            "network_id": "enpbpspd8pnol7bqcrju",
            "status": "ACTIVE",
            "timeouts": null
          },
          "sensitive_attributes": [],
          "private": "eyJlMmJmYjczMC1lY2FhLTExZTYtOGY4OC0zNDM2M2JjN2M0YzAiOnsiY3JlYXRlIjoxODAwMDAwMDAwMDAsImRlbGV0ZSI6MTgwMDAwMDAwMDAwLCJ1cGRhdGUiOjE4MDAwMDAwMDAwMH19",
          "dependencies": [
            "yandex_vpc_network.network-1"
          ]
        }
      ]
    },
    {
      "mode": "managed",
      "type": "yandex_vpc_security_group",
      "name": "kibana_sg",
      "provider": "provider[\"registry.terraform.io/yandex-cloud/yandex\"]",
      "instances": [
        {
          "schema_version": 0,
          "attributes": {
            "created_at": "2023-03-09T04:48:46Z",
            "description": "kibana",
            "egress": [
              {
                "description": "anywhere",
                "from_port": 0,
                "id": "enpn5l27m40fdcpvucei",
                "labels": {},
                "port": -1,
                "predefined_target": "",
                "protocol": "ANY",
                "security_group_id": "",
                "to_port": 65535,
                "v4_cidr_blocks": [
                  "0.0.0.0/0"
                ],
                "v6_cidr_blocks": []
              }
            ],
            "folder_id": "b1g6a545g5vdkit1j78m",
            "id": "enpsqldd2s3e80kkiri8",
            "ingress": [
              {
                "description": "ssh",
                "from_port": -1,
                "id": "enphq8v73a1eki9m8iov",
                "labels": {},
                "port": 22,
                "predefined_target": "",
                "protocol": "TCP",
                "security_group_id": "",
                "to_port": -1,
                "v4_cidr_blocks": [
                  "0.0.0.0/0"
                ],
                "v6_cidr_blocks": []
              },
              {
                "description": "web5601",
                "from_port": -1,
                "id": "enp7sabddnnn9arcgmuh",
                "labels": {},
                "port": 5601,
                "predefined_target": "",
                "protocol": "TCP",
                "security_group_id": "",
                "to_port": -1,
                "v4_cidr_blocks": [
                  "0.0.0.0/0"
                ],
                "v6_cidr_blocks": []
              }
            ],
            "labels": {
              "my-label": "my-label-value"
            },
            "name": "kibana_sg",
            "network_id": "enpbpspd8pnol7bqcrju",
            "status": "ACTIVE",
            "timeouts": null
          },
          "sensitive_attributes": [],
          "private": "eyJlMmJmYjczMC1lY2FhLTExZTYtOGY4OC0zNDM2M2JjN2M0YzAiOnsiY3JlYXRlIjoxODAwMDAwMDAwMDAsImRlbGV0ZSI6MTgwMDAwMDAwMDAwLCJ1cGRhdGUiOjE4MDAwMDAwMDAwMH19",
          "dependencies": [
            "yandex_vpc_network.network-1"
          ]
        }
      ]
    },
    {
      "mode": "managed",
      "type": "yandex_vpc_security_group",
      "name": "prometheus_sg",
      "provider": "provider[\"registry.terraform.io/yandex-cloud/yandex\"]",
      "instances": [
        {
          "schema_version": 0,
          "attributes": {
            "created_at": "2023-03-09T04:48:48Z",
            "description": "prometheus",
            "egress": [
              {
                "description": "anywhere",
                "from_port": 0,
                "id": "enpnn1tqnt59hv81ofg5",
                "labels": {},
                "port": -1,
                "predefined_target": "",
                "protocol": "ANY",
                "security_group_id": "",
                "to_port": 65535,
                "v4_cidr_blocks": [
                  "0.0.0.0/0"
                ],
                "v6_cidr_blocks": []
              }
            ],
            "folder_id": "b1g6a545g5vdkit1j78m",
            "id": "enpqmccq2vieehrm75hr",
            "ingress": [
              {
                "description": "grafana9090",
                "from_port": -1,
                "id": "enp6u7e8g8urfoqn7s7r",
                "labels": {},
                "port": 9090,
                "predefined_target": "",
                "protocol": "TCP",
                "security_group_id": "enpuha5jcu8uqoqtpll6",
                "to_port": -1,
                "v4_cidr_blocks": [],
                "v6_cidr_blocks": []
              },
              {
                "description": "ssh",
                "from_port": -1,
                "id": "enp99pvge1psf8q489mu",
                "labels": {},
                "port": 22,
                "predefined_target": "",
                "protocol": "TCP",
                "security_group_id": "",
                "to_port": -1,
                "v4_cidr_blocks": [
                  "0.0.0.0/0"
                ],
                "v6_cidr_blocks": []
              }
            ],
            "labels": {
              "my-label": "my-label-value"
            },
            "name": "prometheus_sg",
            "network_id": "enpbpspd8pnol7bqcrju",
            "status": "ACTIVE",
            "timeouts": null
          },
          "sensitive_attributes": [],
          "private": "eyJlMmJmYjczMC1lY2FhLTExZTYtOGY4OC0zNDM2M2JjN2M0YzAiOnsiY3JlYXRlIjoxODAwMDAwMDAwMDAsImRlbGV0ZSI6MTgwMDAwMDAwMDAwLCJ1cGRhdGUiOjE4MDAwMDAwMDAwMH19",
          "dependencies": [
            "yandex_vpc_network.network-1",
            "yandex_vpc_security_group.grafana_sg"
          ]
        }
      ]
    },
    {
      "mode": "managed",
      "type": "yandex_vpc_security_group",
      "name": "webservers_sg",
      "provider": "provider[\"registry.terraform.io/yandex-cloud/yandex\"]",
      "instances": [
        {
          "schema_version": 0,
          "attributes": {
            "created_at": "2023-03-09T04:48:50Z",
            "description": "webservers",
            "egress": [
              {
                "description": "anywhere",
                "from_port": 0,
                "id": "enpphksv82kqujrivlab",
                "labels": {},
                "port": -1,
                "predefined_target": "",
                "protocol": "ANY",
                "security_group_id": "",
                "to_port": 65535,
                "v4_cidr_blocks": [
                  "0.0.0.0/0"
                ],
                "v6_cidr_blocks": []
              }
            ],
            "folder_id": "b1g6a545g5vdkit1j78m",
            "id": "enpld6m14q79c6fm5on6",
            "ingress": [
              {
                "description": "80",
                "from_port": -1,
                "id": "enptsapdkf84iqfgre00",
                "labels": {},
                "port": 80,
                "predefined_target": "",
                "protocol": "TCP",
                "security_group_id": "",
                "to_port": -1,
                "v4_cidr_blocks": [
                  "192.168.10.0/24",
                  "192.168.20.0/24"
                ],
                "v6_cidr_blocks": []
              },
              {
                "description": "prometheus9100",
                "from_port": -1,
                "id": "enp75ljroikcrecfodig",
                "labels": {},
                "port": 9100,
                "predefined_target": "",
                "protocol": "TCP",
                "security_group_id": "enpqmccq2vieehrm75hr",
                "to_port": -1,
                "v4_cidr_blocks": [],
                "v6_cidr_blocks": []
              },
              {
                "description": "ssh",
                "from_port": -1,
                "id": "enpnqfvln6mvsatgmd74",
                "labels": {},
                "port": 22,
                "predefined_target": "",
                "protocol": "TCP",
                "security_group_id": "",
                "to_port": -1,
                "v4_cidr_blocks": [
                  "0.0.0.0/0"
                ],
                "v6_cidr_blocks": []
              }
            ],
            "labels": {
              "my-label": "my-label-value"
            },
            "name": "webservers_sg",
            "network_id": "enpbpspd8pnol7bqcrju",
            "status": "ACTIVE",
            "timeouts": null
          },
          "sensitive_attributes": [],
          "private": "eyJlMmJmYjczMC1lY2FhLTExZTYtOGY4OC0zNDM2M2JjN2M0YzAiOnsiY3JlYXRlIjoxODAwMDAwMDAwMDAsImRlbGV0ZSI6MTgwMDAwMDAwMDAwLCJ1cGRhdGUiOjE4MDAwMDAwMDAwMH19",
          "dependencies": [
            "yandex_vpc_network.network-1",
            "yandex_vpc_security_group.grafana_sg",
            "yandex_vpc_security_group.prometheus_sg",
            "yandex_vpc_subnet.subnet-1",
            "yandex_vpc_subnet.subnet-2"
          ]
        }
      ]
    },
    {
      "mode": "managed",
      "type": "yandex_vpc_subnet",
      "name": "subnet-1",
      "provider": "provider[\"registry.terraform.io/yandex-cloud/yandex\"]",
      "instances": [
        {
          "schema_version": 0,
          "attributes": {
            "created_at": "2023-03-09T04:48:43Z",
            "description": "",
            "dhcp_options": [],
            "folder_id": "b1g6a545g5vdkit1j78m",
            "id": "e9b8qrc41qb6u5ttt07b",
            "labels": {},
            "name": "subnet1",
            "network_id": "enpbpspd8pnol7bqcrju",
            "route_table_id": "",
            "timeouts": null,
            "v4_cidr_blocks": [
              "192.168.10.0/24"
            ],
            "v6_cidr_blocks": [],
            "zone": "ru-central1-a"
          },
          "sensitive_attributes": [],
          "private": "eyJlMmJmYjczMC1lY2FhLTExZTYtOGY4OC0zNDM2M2JjN2M0YzAiOnsiY3JlYXRlIjoxODAwMDAwMDAwMDAsImRlbGV0ZSI6MTgwMDAwMDAwMDAwLCJ1cGRhdGUiOjE4MDAwMDAwMDAwMH19",
          "dependencies": [
            "yandex_vpc_network.network-1"
          ]
        }
      ]
    },
    {
      "mode": "managed",
      "type": "yandex_vpc_subnet",
      "name": "subnet-2",
      "provider": "provider[\"registry.terraform.io/yandex-cloud/yandex\"]",
      "instances": [
        {
          "schema_version": 0,
          "attributes": {
            "created_at": "2023-03-09T04:48:44Z",
            "description": "",
            "dhcp_options": [],
            "folder_id": "b1g6a545g5vdkit1j78m",
            "id": "e2lan46j3uts00kggdd7",
            "labels": {},
            "name": "subnet2",
            "network_id": "enpbpspd8pnol7bqcrju",
            "route_table_id": "",
            "timeouts": null,
            "v4_cidr_blocks": [
              "192.168.20.0/24"
            ],
            "v6_cidr_blocks": [],
            "zone": "ru-central1-b"
          },
          "sensitive_attributes": [],
          "private": "eyJlMmJmYjczMC1lY2FhLTExZTYtOGY4OC0zNDM2M2JjN2M0YzAiOnsiY3JlYXRlIjoxODAwMDAwMDAwMDAsImRlbGV0ZSI6MTgwMDAwMDAwMDAwLCJ1cGRhdGUiOjE4MDAwMDAwMDAwMH19",
          "dependencies": [
            "yandex_vpc_network.network-1"
          ]
        }
      ]
    },
    {
      "mode": "managed",
      "type": "yandex_vpc_subnet",
      "name": "subnet-3",
      "provider": "provider[\"registry.terraform.io/yandex-cloud/yandex\"]",
      "instances": [
        {
          "schema_version": 0,
          "attributes": {
            "created_at": "2023-03-09T04:48:42Z",
            "description": "",
            "dhcp_options": [],
            "folder_id": "b1g6a545g5vdkit1j78m",
            "id": "b0c1dspg7sc5e0g3mhm0",
            "labels": {},
            "name": "subnet3",
            "network_id": "enpbpspd8pnol7bqcrju",
            "route_table_id": "",
            "timeouts": null,
            "v4_cidr_blocks": [
              "192.168.30.0/24"
            ],
            "v6_cidr_blocks": [],
            "zone": "ru-central1-c"
          },
          "sensitive_attributes": [],
          "private": "eyJlMmJmYjczMC1lY2FhLTExZTYtOGY4OC0zNDM2M2JjN2M0YzAiOnsiY3JlYXRlIjoxODAwMDAwMDAwMDAsImRlbGV0ZSI6MTgwMDAwMDAwMDAwLCJ1cGRhdGUiOjE4MDAwMDAwMDAwMH19",
          "dependencies": [
            "yandex_vpc_network.network-1"
          ]
        }
      ]
    }
  ],
  "check_results": null
}
