{
  "version": 4,
  "terraform_version": "1.3.7",
  "serial": 514,
  "lineage": "f3187866-d64b-fa19-5ba0-0f598742aff5",
  "outputs": {
    "disk_list": {
      "value": "fhmr03kbi6lc2r3pb6pt",
      "type": "string"
    },
    "external_ip_address_elastic": {
      "value": "158.160.10.16",
      "type": "string"
    },
    "external_ip_address_grafana": {
      "value": "",
      "type": "string"
    },
    "external_ip_address_kibana": {
      "value": "158.160.4.128",
      "type": "string"
    },
    "external_ip_address_promet": {
      "value": "",
      "type": "string"
    },
    "external_ip_address_promet1": {
      "value": "",
      "type": "string"
    },
    "external_ip_address_webserver1": {
      "value": "51.250.75.16",
      "type": "string"
    },
    "internal_ip_address_elastic": {
      "value": "192.168.30.17",
      "type": "string"
    },
    "internal_ip_address_grafana": {
      "value": "192.168.20.36",
      "type": "string"
    },
    "internal_ip_address_kibana": {
      "value": "192.168.30.3",
      "type": "string"
    },
    "internal_ip_address_promet": {
      "value": "192.168.20.16",
      "type": "string"
    },
    "internal_ip_address_promet1": {
      "value": "192.168.20.25",
      "type": "string"
    },
    "internal_ip_address_webserver1": {
      "value": "192.168.10.34",
      "type": "string"
    },
    "schedule_snaopshot": {
      "value": [
        "ef3e17qu3ehgnhpogguj",
        "ef3ic0bfomjm4ta2peot",
        "ef3qa3oqgcfe2pt9nudj"
      ],
      "type": [
        "list",
        "string"
      ]
    }
  },
  "resources": [
    {
      "mode": "data",
      "type": "yandex_compute_instance",
      "name": "disk_id_elast_test",
      "provider": "provider[\"registry.terraform.io/yandex-cloud/yandex\"]",
      "instances": [
        {
          "schema_version": 0,
          "attributes": {
            "boot_disk": [
              {
                "auto_delete": true,
                "device_name": "fhmr03kbi6lc2r3pb6pt",
                "disk_id": "fhmr03kbi6lc2r3pb6pt",
                "initialize_params": [
                  {
                    "block_size": 4096,
                    "description": "",
                    "image_id": "fd8jvcoeij6u9se84dt5",
                    "name": "",
                    "size": 10,
                    "snapshot_id": "",
                    "type": "network-hdd"
                  }
                ],
                "mode": "READ_WRITE"
              }
            ],
            "created_at": "2023-02-01T18:35:47Z",
            "description": "",
            "filesystem": [],
            "folder_id": "b1g6a545g5vdkit1j78m",
            "fqdn": "fhmnru0pep1vb98927v9.auto.internal",
            "id": "fhmnru0pep1vb98927v9",
            "instance_id": "fhmnru0pep1vb98927v9",
            "labels": {},
            "local_disk": [],
            "metadata": {
              "user-data": "#cloud-config\nssh_pwauth: no\nusers:\n  - name: yasher\n    sudo: ALL=(ALL) NOPASSWD:ALL\n    shell: /bin/bash\n    ssh_authorized_keys:\n      - ssh-rsa AAAAB3NzaC1yc2EAAAADAQABAAABAQDT1ILX2E1CswjTRUbJXVCE/rr9laR0EWa6ufCp0g94MiQdjEje788BJRKd+iLRr4DGJD2IB1FwHFk0QgzBV8b0q8tX0AU6FUhjBs3ms4UZ7IGp40541VEXZJLfqP37DmtmlWSkeWDevDIxtJrPwsmp13vVGQPESw78+dBbL6M4gKMXsSLWftjCqsn9YT5WCIyEtG09lHl9Ir9L4evvs5zNZUClFXccL7DWCqyHY6S6iSxXRM6lv2XoBhfVKXSm6iCnGgEJ1x/PZfULqdWd/qxw8TIzZU8sVwnwCUjWPc+1E4Q6BYZckVRVnSE039e1KQgdhD1kOani2EuA83F63scX slava@slava-Lenovo-V130-15IKB"
            },
            "metadata_options": [
              {
                "aws_v1_http_endpoint": 1,
                "aws_v1_http_token": 1,
                "gce_http_endpoint": 1,
                "gce_http_token": 1
              }
            ],
            "name": "elast-test",
            "network_acceleration_type": "standard",
            "network_interface": [
              {
                "dns_record": [],
                "index": 0,
                "ip_address": "192.168.10.24",
                "ipv4": true,
                "ipv6": false,
                "ipv6_address": "",
                "ipv6_dns_record": [],
                "mac_address": "d0:0d:17:df:81:97",
                "nat": true,
                "nat_dns_record": [],
                "nat_ip_address": "",
                "nat_ip_version": "IPV4",
                "security_group_ids": [],
                "subnet_id": "e9b4laqv3rro9cs8akj2"
              }
            ],
            "placement_policy": [
              {
                "host_affinity_rules": [],
                "placement_group_id": ""
              }
            ],
            "platform_id": "standard-v1",
            "resources": [
              {
                "core_fraction": 100,
                "cores": 4,
                "gpus": 0,
                "memory": 8
              }
            ],
            "scheduling_policy": [
              {
                "preemptible": false
              }
            ],
            "secondary_disk": [],
            "service_account_id": "",
            "status": "stopped",
            "zone": "ru-central1-a"
          },
          "sensitive_attributes": []
        }
      ]
    },
    {
      "mode": "managed",
      "type": "yandex_alb_backend_group",
      "name": "backend1",
      "provider": "provider[\"registry.terraform.io/yandex-cloud/yandex\"]",
      "instances": []
    },
    {
      "mode": "managed",
      "type": "yandex_alb_http_router",
      "name": "router1",
      "provider": "provider[\"registry.terraform.io/yandex-cloud/yandex\"]",
      "instances": [
        {
          "schema_version": 0,
          "attributes": {
            "created_at": "2023-02-07T22:09:23Z",
            "description": "",
            "folder_id": "b1g6a545g5vdkit1j78m",
            "id": "ds7qf04912d4lr5kmqph",
            "labels": {
              "empty-label": "",
              "tf-label": "tf-label-value"
            },
            "name": "router1",
            "route_options": [],
            "timeouts": null
          },
          "sensitive_attributes": [],
          "private": "eyJlMmJmYjczMC1lY2FhLTExZTYtOGY4OC0zNDM2M2JjN2M0YzAiOnsiY3JlYXRlIjozMDAwMDAwMDAwMDAsImRlbGV0ZSI6MzAwMDAwMDAwMDAwLCJ1cGRhdGUiOjMwMDAwMDAwMDAwMH19"
        }
      ]
    },
    {
      "mode": "managed",
      "type": "yandex_alb_load_balancer",
      "name": "balancer1",
      "provider": "provider[\"registry.terraform.io/yandex-cloud/yandex\"]",
      "instances": []
    },
    {
      "mode": "managed",
      "type": "yandex_alb_target_group",
      "name": "target1",
      "provider": "provider[\"registry.terraform.io/yandex-cloud/yandex\"]",
      "instances": []
    },
    {
      "mode": "managed",
      "type": "yandex_alb_virtual_host",
      "name": "vhost1",
      "provider": "provider[\"registry.terraform.io/yandex-cloud/yandex\"]",
      "instances": []
    },
    {
      "mode": "managed",
      "type": "yandex_compute_instance",
      "name": "vm-3",
      "provider": "provider[\"registry.terraform.io/yandex-cloud/yandex\"]",
      "instances": [
        {
          "schema_version": 1,
          "attributes": {
            "allow_recreate": null,
            "allow_stopping_for_update": null,
            "boot_disk": [
              {
                "auto_delete": true,
                "device_name": "ef3ic0bfomjm4ta2peot",
                "disk_id": "ef3ic0bfomjm4ta2peot",
                "initialize_params": [
                  {
                    "block_size": 4096,
                    "description": "",
                    "image_id": "fd8mj0q8vkpvbpk9d0a0",
                    "name": "",
                    "size": 10,
                    "snapshot_id": "",
                    "type": "network-hdd"
                  }
                ],
                "mode": "READ_WRITE"
              }
            ],
            "created_at": "2023-01-26T21:31:49Z",
            "description": "",
            "filesystem": [],
            "folder_id": "b1g6a545g5vdkit1j78m",
            "fqdn": "ef3i4rr7lajurl04thtm.auto.internal",
            "hostname": "",
            "id": "ef3i4rr7lajurl04thtm",
            "labels": {},
            "local_disk": [],
            "metadata": {
              "user-data": "#cloud-config\nssh_pwauth: no\nusers:\n  - name: yasher\n    sudo: ALL=(ALL) NOPASSWD:ALL\n    shell: /bin/bash\n    ssh_authorized_keys:\n      - ssh-rsa AAAAB3NzaC1yc2EAAAADAQABAAABAQDT1ILX2E1CswjTRUbJXVCE/rr9laR0EWa6ufCp0g94MiQdjEje788BJRKd+iLRr4DGJD2IB1FwHFk0QgzBV8b0q8tX0AU6FUhjBs3ms4UZ7IGp40541VEXZJLfqP37DmtmlWSkeWDevDIxtJrPwsmp13vVGQPESw78+dBbL6M4gKMXsSLWftjCqsn9YT5WCIyEtG09lHl9Ir9L4evvs5zNZUClFXccL7DWCqyHY6S6iSxXRM6lv2XoBhfVKXSm6iCnGgEJ1x/PZfULqdWd/qxw8TIzZU8sVwnwCUjWPc+1E4Q6BYZckVRVnSE039e1KQgdhD1kOani2EuA83F63scX slava@slava-Lenovo-V130-15IKB"
            },
            "metadata_options": [
              {
                "aws_v1_http_endpoint": 1,
                "aws_v1_http_token": 1,
                "gce_http_endpoint": 1,
                "gce_http_token": 1
              }
            ],
            "name": "prometeus",
            "network_acceleration_type": "standard",
            "network_interface": [
              {
                "dns_record": [],
                "index": 0,
                "ip_address": "192.168.20.16",
                "ipv4": true,
                "ipv6": false,
                "ipv6_address": "",
                "ipv6_dns_record": [],
                "mac_address": "d0:0d:12:26:f6:7a",
                "nat": true,
                "nat_dns_record": [],
                "nat_ip_address": "",
                "nat_ip_version": "IPV4",
                "security_group_ids": [],
                "subnet_id": "b0cvoe2gd8de226p91d5"
              }
            ],
            "placement_policy": [
              {
                "host_affinity_rules": [],
                "placement_group_id": ""
              }
            ],
            "platform_id": "standard-v1",
            "resources": [
              {
                "core_fraction": 100,
                "cores": 2,
                "gpus": 0,
                "memory": 2
              }
            ],
            "scheduling_policy": [
              {
                "preemptible": false
              }
            ],
            "secondary_disk": [],
            "service_account_id": "",
            "status": "stopped",
            "timeouts": null,
            "zone": "ru-central1-c"
          },
          "sensitive_attributes": [],
          "private": "eyJlMmJmYjczMC1lY2FhLTExZTYtOGY4OC0zNDM2M2JjN2M0YzAiOnsiY3JlYXRlIjozMDAwMDAwMDAwMDAsImRlbGV0ZSI6MzAwMDAwMDAwMDAwLCJ1cGRhdGUiOjMwMDAwMDAwMDAwMH0sInNjaGVtYV92ZXJzaW9uIjoiMSJ9",
          "dependencies": [
            "yandex_vpc_network.network-1",
            "yandex_vpc_subnet.subnet-3"
          ]
        }
      ]
    },
    {
      "mode": "managed",
      "type": "yandex_compute_instance",
      "name": "vm-4",
      "provider": "provider[\"registry.terraform.io/yandex-cloud/yandex\"]",
      "instances": [
        {
          "schema_version": 1,
          "attributes": {
            "allow_recreate": null,
            "allow_stopping_for_update": null,
            "boot_disk": [
              {
                "auto_delete": true,
                "device_name": "ef3qa3oqgcfe2pt9nudj",
                "disk_id": "ef3qa3oqgcfe2pt9nudj",
                "initialize_params": [
                  {
                    "block_size": 4096,
                    "description": "",
                    "image_id": "fd8cp9rjherlilnosipf",
                    "name": "",
                    "size": 10,
                    "snapshot_id": "",
                    "type": "network-hdd"
                  }
                ],
                "mode": "READ_WRITE"
              }
            ],
            "created_at": "2023-01-23T20:22:01Z",
            "description": "",
            "filesystem": [],
            "folder_id": "b1g6a545g5vdkit1j78m",
            "fqdn": "ef36sr74m35d1cibie3p.auto.internal",
            "hostname": "",
            "id": "ef36sr74m35d1cibie3p",
            "labels": {},
            "local_disk": [],
            "metadata": {
              "user-data": "#cloud-config\nssh_pwauth: no\nusers:\n  - name: yasher\n    sudo: ALL=(ALL) NOPASSWD:ALL\n    shell: /bin/bash\n    ssh_authorized_keys:\n      - ssh-rsa AAAAB3NzaC1yc2EAAAADAQABAAABAQDT1ILX2E1CswjTRUbJXVCE/rr9laR0EWa6ufCp0g94MiQdjEje788BJRKd+iLRr4DGJD2IB1FwHFk0QgzBV8b0q8tX0AU6FUhjBs3ms4UZ7IGp40541VEXZJLfqP37DmtmlWSkeWDevDIxtJrPwsmp13vVGQPESw78+dBbL6M4gKMXsSLWftjCqsn9YT5WCIyEtG09lHl9Ir9L4evvs5zNZUClFXccL7DWCqyHY6S6iSxXRM6lv2XoBhfVKXSm6iCnGgEJ1x/PZfULqdWd/qxw8TIzZU8sVwnwCUjWPc+1E4Q6BYZckVRVnSE039e1KQgdhD1kOani2EuA83F63scX slava@slava-Lenovo-V130-15IKB"
            },
            "metadata_options": [
              {
                "aws_v1_http_endpoint": 1,
                "aws_v1_http_token": 1,
                "gce_http_endpoint": 1,
                "gce_http_token": 1
              }
            ],
            "name": "grafana",
            "network_acceleration_type": "standard",
            "network_interface": [
              {
                "dns_record": [],
                "index": 0,
                "ip_address": "192.168.20.36",
                "ipv4": true,
                "ipv6": false,
                "ipv6_address": "",
                "ipv6_dns_record": [],
                "mac_address": "d0:0d:6e:6c:e4:b0",
                "nat": true,
                "nat_dns_record": [],
                "nat_ip_address": "",
                "nat_ip_version": "IPV4",
                "security_group_ids": [],
                "subnet_id": "b0cvoe2gd8de226p91d5"
              }
            ],
            "placement_policy": [
              {
                "host_affinity_rules": [],
                "placement_group_id": ""
              }
            ],
            "platform_id": "standard-v1",
            "resources": [
              {
                "core_fraction": 100,
                "cores": 2,
                "gpus": 0,
                "memory": 2
              }
            ],
            "scheduling_policy": [
              {
                "preemptible": false
              }
            ],
            "secondary_disk": [],
            "service_account_id": "",
            "status": "stopped",
            "timeouts": null,
            "zone": "ru-central1-c"
          },
          "sensitive_attributes": [],
          "private": "eyJlMmJmYjczMC1lY2FhLTExZTYtOGY4OC0zNDM2M2JjN2M0YzAiOnsiY3JlYXRlIjozMDAwMDAwMDAwMDAsImRlbGV0ZSI6MzAwMDAwMDAwMDAwLCJ1cGRhdGUiOjMwMDAwMDAwMDAwMH0sInNjaGVtYV92ZXJzaW9uIjoiMSJ9",
          "dependencies": [
            "yandex_vpc_network.network-1",
            "yandex_vpc_subnet.subnet-3"
          ]
        }
      ]
    },
    {
      "mode": "managed",
      "type": "yandex_compute_instance",
      "name": "vm-5",
      "provider": "provider[\"registry.terraform.io/yandex-cloud/yandex\"]",
      "instances": [
        {
          "schema_version": 1,
          "attributes": {
            "allow_recreate": null,
            "allow_stopping_for_update": null,
            "boot_disk": [
              {
                "auto_delete": true,
                "device_name": "ef3e17qu3ehgnhpogguj",
                "disk_id": "ef3e17qu3ehgnhpogguj",
                "initialize_params": [
                  {
                    "block_size": 4096,
                    "description": "",
                    "image_id": "fd8mj0q8vkpvbpk9d0a0",
                    "name": "",
                    "size": 10,
                    "snapshot_id": "",
                    "type": "network-hdd"
                  }
                ],
                "mode": "READ_WRITE"
              }
            ],
            "created_at": "2023-01-12T23:05:08Z",
            "description": "",
            "filesystem": [],
            "folder_id": "b1g6a545g5vdkit1j78m",
            "fqdn": "ef3al17g2jeocsom3qmh.auto.internal",
            "hostname": "",
            "id": "ef3al17g2jeocsom3qmh",
            "labels": {},
            "local_disk": [],
            "metadata": {
              "user-data": "#cloud-config\nssh_pwauth: no\nusers:\n  - name: yasher\n    sudo: ALL=(ALL) NOPASSWD:ALL\n    shell: /bin/bash\n    ssh_authorized_keys:\n      - ssh-rsa AAAAB3NzaC1yc2EAAAADAQABAAABAQDT1ILX2E1CswjTRUbJXVCE/rr9laR0EWa6ufCp0g94MiQdjEje788BJRKd+iLRr4DGJD2IB1FwHFk0QgzBV8b0q8tX0AU6FUhjBs3ms4UZ7IGp40541VEXZJLfqP37DmtmlWSkeWDevDIxtJrPwsmp13vVGQPESw78+dBbL6M4gKMXsSLWftjCqsn9YT5WCIyEtG09lHl9Ir9L4evvs5zNZUClFXccL7DWCqyHY6S6iSxXRM6lv2XoBhfVKXSm6iCnGgEJ1x/PZfULqdWd/qxw8TIzZU8sVwnwCUjWPc+1E4Q6BYZckVRVnSE039e1KQgdhD1kOani2EuA83F63scX slava@slava-Lenovo-V130-15IKB"
            },
            "metadata_options": [
              {
                "aws_v1_http_endpoint": 1,
                "aws_v1_http_token": 1,
                "gce_http_endpoint": 1,
                "gce_http_token": 1
              }
            ],
            "name": "prometeus1",
            "network_acceleration_type": "standard",
            "network_interface": [
              {
                "dns_record": [],
                "index": 0,
                "ip_address": "192.168.20.25",
                "ipv4": true,
                "ipv6": false,
                "ipv6_address": "",
                "ipv6_dns_record": [],
                "mac_address": "d0:0d:aa:84:f0:14",
                "nat": true,
                "nat_dns_record": [],
                "nat_ip_address": "",
                "nat_ip_version": "IPV4",
                "security_group_ids": [],
                "subnet_id": "b0cvoe2gd8de226p91d5"
              }
            ],
            "placement_policy": [
              {
                "host_affinity_rules": [],
                "placement_group_id": ""
              }
            ],
            "platform_id": "standard-v1",
            "resources": [
              {
                "core_fraction": 100,
                "cores": 2,
                "gpus": 0,
                "memory": 2
              }
            ],
            "scheduling_policy": [
              {
                "preemptible": false
              }
            ],
            "secondary_disk": [],
            "service_account_id": "",
            "status": "stopped",
            "timeouts": null,
            "zone": "ru-central1-c"
          },
          "sensitive_attributes": [],
          "private": "eyJlMmJmYjczMC1lY2FhLTExZTYtOGY4OC0zNDM2M2JjN2M0YzAiOnsiY3JlYXRlIjozMDAwMDAwMDAwMDAsImRlbGV0ZSI6MzAwMDAwMDAwMDAwLCJ1cGRhdGUiOjMwMDAwMDAwMDAwMH0sInNjaGVtYV92ZXJzaW9uIjoiMSJ9",
          "dependencies": [
            "yandex_vpc_network.network-1",
            "yandex_vpc_subnet.subnet-3"
          ]
        }
      ]
    },
    {
      "mode": "managed",
      "type": "yandex_compute_instance",
      "name": "vm-6",
      "provider": "provider[\"registry.terraform.io/yandex-cloud/yandex\"]",
      "instances": [
        {
          "schema_version": 1,
          "attributes": {
            "allow_recreate": null,
            "allow_stopping_for_update": true,
            "boot_disk": [
              {
                "auto_delete": true,
                "device_name": "epdc8nfmft411sous0pa",
                "disk_id": "epdc8nfmft411sous0pa",
                "initialize_params": [
                  {
                    "block_size": 4096,
                    "description": "",
                    "image_id": "fd82vol772l2nq9p12pb",
                    "name": "",
                    "size": 10,
                    "snapshot_id": "",
                    "type": "network-hdd"
                  }
                ],
                "mode": "READ_WRITE"
              }
            ],
            "created_at": "2023-02-03T02:44:25Z",
            "description": "",
            "filesystem": [],
            "folder_id": "b1g6a545g5vdkit1j78m",
            "fqdn": "epd39129rbd6n3kovgbl.auto.internal",
            "hostname": "",
            "id": "epd39129rbd6n3kovgbl",
            "labels": {},
            "local_disk": [],
            "metadata": {
              "user-data": "#cloud-config\nssh_pwauth: no\nusers:\n  - name: yasher\n    sudo: ALL=(ALL) NOPASSWD:ALL\n    shell: /bin/bash\n    ssh_authorized_keys:\n      - ssh-rsa AAAAB3NzaC1yc2EAAAADAQABAAABAQDT1ILX2E1CswjTRUbJXVCE/rr9laR0EWa6ufCp0g94MiQdjEje788BJRKd+iLRr4DGJD2IB1FwHFk0QgzBV8b0q8tX0AU6FUhjBs3ms4UZ7IGp40541VEXZJLfqP37DmtmlWSkeWDevDIxtJrPwsmp13vVGQPESw78+dBbL6M4gKMXsSLWftjCqsn9YT5WCIyEtG09lHl9Ir9L4evvs5zNZUClFXccL7DWCqyHY6S6iSxXRM6lv2XoBhfVKXSm6iCnGgEJ1x/PZfULqdWd/qxw8TIzZU8sVwnwCUjWPc+1E4Q6BYZckVRVnSE039e1KQgdhD1kOani2EuA83F63scX slava@slava-Lenovo-V130-15IKB"
            },
            "metadata_options": [
              {
                "aws_v1_http_endpoint": 1,
                "aws_v1_http_token": 1,
                "gce_http_endpoint": 1,
                "gce_http_token": 1
              }
            ],
            "name": "elastic",
            "network_acceleration_type": "standard",
            "network_interface": [
              {
                "dns_record": [],
                "index": 0,
                "ip_address": "192.168.30.17",
                "ipv4": true,
                "ipv6": false,
                "ipv6_address": "",
                "ipv6_dns_record": [],
                "mac_address": "d0:0d:34:84:49:da",
                "nat": true,
                "nat_dns_record": [],
                "nat_ip_address": "158.160.10.16",
                "nat_ip_version": "IPV4",
                "security_group_ids": [],
                "subnet_id": "e2ltvh14m68v6p2ltfsh"
              }
            ],
            "placement_policy": [
              {
                "host_affinity_rules": [],
                "placement_group_id": ""
              }
            ],
            "platform_id": "standard-v1",
            "resources": [
              {
                "core_fraction": 100,
                "cores": 4,
                "gpus": 0,
                "memory": 8
              }
            ],
            "scheduling_policy": [
              {
                "preemptible": false
              }
            ],
            "secondary_disk": [],
            "service_account_id": "",
            "status": "running",
            "timeouts": null,
            "zone": "ru-central1-b"
          },
          "sensitive_attributes": [],
          "private": "eyJlMmJmYjczMC1lY2FhLTExZTYtOGY4OC0zNDM2M2JjN2M0YzAiOnsiY3JlYXRlIjozMDAwMDAwMDAwMDAsImRlbGV0ZSI6MzAwMDAwMDAwMDAwLCJ1cGRhdGUiOjMwMDAwMDAwMDAwMH0sInNjaGVtYV92ZXJzaW9uIjoiMSJ9",
          "dependencies": [
            "yandex_vpc_network.network-1",
            "yandex_vpc_subnet.subnet-2"
          ]
        }
      ]
    },
    {
      "mode": "managed",
      "type": "yandex_compute_instance",
      "name": "vm-7",
      "provider": "provider[\"registry.terraform.io/yandex-cloud/yandex\"]",
      "instances": [
        {
          "schema_version": 1,
          "attributes": {
            "allow_recreate": null,
            "allow_stopping_for_update": true,
            "boot_disk": [
              {
                "auto_delete": true,
                "device_name": "epd1ilrffujonkget990",
                "disk_id": "epd1ilrffujonkget990",
                "initialize_params": [
                  {
                    "block_size": 4096,
                    "description": "",
                    "image_id": "fd82vol772l2nq9p12pb",
                    "name": "",
                    "size": 10,
                    "snapshot_id": "",
                    "type": "network-hdd"
                  }
                ],
                "mode": "READ_WRITE"
              }
            ],
            "created_at": "2023-01-28T00:17:00Z",
            "description": "",
            "filesystem": [],
            "folder_id": "b1g6a545g5vdkit1j78m",
            "fqdn": "epdbkfqr0pcn1c6sn8j1.auto.internal",
            "hostname": "",
            "id": "epdbkfqr0pcn1c6sn8j1",
            "labels": {},
            "local_disk": [],
            "metadata": {
              "user-data": "#cloud-config\nssh_pwauth: no\nusers:\n  - name: yasher\n    sudo: ALL=(ALL) NOPASSWD:ALL\n    shell: /bin/bash\n    ssh_authorized_keys:\n      - ssh-rsa AAAAB3NzaC1yc2EAAAADAQABAAABAQDT1ILX2E1CswjTRUbJXVCE/rr9laR0EWa6ufCp0g94MiQdjEje788BJRKd+iLRr4DGJD2IB1FwHFk0QgzBV8b0q8tX0AU6FUhjBs3ms4UZ7IGp40541VEXZJLfqP37DmtmlWSkeWDevDIxtJrPwsmp13vVGQPESw78+dBbL6M4gKMXsSLWftjCqsn9YT5WCIyEtG09lHl9Ir9L4evvs5zNZUClFXccL7DWCqyHY6S6iSxXRM6lv2XoBhfVKXSm6iCnGgEJ1x/PZfULqdWd/qxw8TIzZU8sVwnwCUjWPc+1E4Q6BYZckVRVnSE039e1KQgdhD1kOani2EuA83F63scX slava@slava-Lenovo-V130-15IKB"
            },
            "metadata_options": [
              {
                "aws_v1_http_endpoint": 1,
                "aws_v1_http_token": 1,
                "gce_http_endpoint": 1,
                "gce_http_token": 1
              }
            ],
            "name": "kibana",
            "network_acceleration_type": "standard",
            "network_interface": [
              {
                "dns_record": [],
                "index": 0,
                "ip_address": "192.168.30.3",
                "ipv4": true,
                "ipv6": false,
                "ipv6_address": "",
                "ipv6_dns_record": [],
                "mac_address": "d0:0d:ba:3f:5b:06",
                "nat": true,
                "nat_dns_record": [],
                "nat_ip_address": "158.160.4.128",
                "nat_ip_version": "IPV4",
                "security_group_ids": [],
                "subnet_id": "e2ltvh14m68v6p2ltfsh"
              }
            ],
            "placement_policy": [
              {
                "host_affinity_rules": [],
                "placement_group_id": ""
              }
            ],
            "platform_id": "standard-v1",
            "resources": [
              {
                "core_fraction": 100,
                "cores": 4,
                "gpus": 0,
                "memory": 8
              }
            ],
            "scheduling_policy": [
              {
                "preemptible": false
              }
            ],
            "secondary_disk": [],
            "service_account_id": "",
            "status": "running",
            "timeouts": null,
            "zone": "ru-central1-b"
          },
          "sensitive_attributes": [],
          "private": "eyJlMmJmYjczMC1lY2FhLTExZTYtOGY4OC0zNDM2M2JjN2M0YzAiOnsiY3JlYXRlIjozMDAwMDAwMDAwMDAsImRlbGV0ZSI6MzAwMDAwMDAwMDAwLCJ1cGRhdGUiOjMwMDAwMDAwMDAwMH0sInNjaGVtYV92ZXJzaW9uIjoiMSJ9",
          "dependencies": [
            "yandex_vpc_network.network-1",
            "yandex_vpc_subnet.subnet-2"
          ]
        }
      ]
    },
    {
      "mode": "managed",
      "type": "yandex_compute_instance",
      "name": "webserver1",
      "provider": "provider[\"registry.terraform.io/yandex-cloud/yandex\"]",
      "instances": [
        {
          "schema_version": 1,
          "attributes": {
            "allow_recreate": null,
            "allow_stopping_for_update": null,
            "boot_disk": [
              {
                "auto_delete": true,
                "device_name": "fhm8b24ol16ipql0shhm",
                "disk_id": "fhm8b24ol16ipql0shhm",
                "initialize_params": [
                  {
                    "block_size": 4096,
                    "description": "",
                    "image_id": "fd8jvcoeij6u9se84dt5",
                    "name": "",
                    "size": 10,
                    "snapshot_id": "",
                    "type": "network-hdd"
                  }
                ],
                "mode": "READ_WRITE"
              }
            ],
            "created_at": "2023-02-07T22:09:23Z",
            "description": "",
            "filesystem": [],
            "folder_id": "b1g6a545g5vdkit1j78m",
            "fqdn": "fhmnqu0ghijptmc0tmou.auto.internal",
            "hostname": "",
            "id": "fhmnqu0ghijptmc0tmou",
            "labels": null,
            "local_disk": [],
            "metadata": {
              "user-data": "#cloud-config\nssh_pwauth: no\nusers:\n  - name: yasher\n    sudo: ALL=(ALL) NOPASSWD:ALL\n    shell: /bin/bash\n    ssh_authorized_keys:\n      - ssh-rsa AAAAB3NzaC1yc2EAAAADAQABAAABAQDT1ILX2E1CswjTRUbJXVCE/rr9laR0EWa6ufCp0g94MiQdjEje788BJRKd+iLRr4DGJD2IB1FwHFk0QgzBV8b0q8tX0AU6FUhjBs3ms4UZ7IGp40541VEXZJLfqP37DmtmlWSkeWDevDIxtJrPwsmp13vVGQPESw78+dBbL6M4gKMXsSLWftjCqsn9YT5WCIyEtG09lHl9Ir9L4evvs5zNZUClFXccL7DWCqyHY6S6iSxXRM6lv2XoBhfVKXSm6iCnGgEJ1x/PZfULqdWd/qxw8TIzZU8sVwnwCUjWPc+1E4Q6BYZckVRVnSE039e1KQgdhD1kOani2EuA83F63scX slava@slava-Lenovo-V130-15IKB"
            },
            "metadata_options": [
              {
                "aws_v1_http_endpoint": 1,
                "aws_v1_http_token": 2,
                "gce_http_endpoint": 1,
                "gce_http_token": 1
              }
            ],
            "name": "webserver1",
            "network_acceleration_type": "standard",
            "network_interface": [
              {
                "dns_record": [],
                "index": 0,
                "ip_address": "192.168.10.34",
                "ipv4": true,
                "ipv6": false,
                "ipv6_address": "",
                "ipv6_dns_record": [],
                "mac_address": "d0:0d:17:d7:81:08",
                "nat": true,
                "nat_dns_record": [],
                "nat_ip_address": "51.250.75.16",
                "nat_ip_version": "IPV4",
                "security_group_ids": [],
                "subnet_id": "e9b4laqv3rro9cs8akj2"
              }
            ],
            "placement_policy": [
              {
                "host_affinity_rules": [],
                "placement_group_id": ""
              }
            ],
            "platform_id": "standard-v1",
            "resources": [
              {
                "core_fraction": 100,
                "cores": 2,
                "gpus": 0,
                "memory": 2
              }
            ],
            "scheduling_policy": [
              {
                "preemptible": false
              }
            ],
            "secondary_disk": [],
            "service_account_id": "",
            "status": "running",
            "timeouts": null,
            "zone": "ru-central1-a"
          },
          "sensitive_attributes": [],
          "private": "eyJlMmJmYjczMC1lY2FhLTExZTYtOGY4OC0zNDM2M2JjN2M0YzAiOnsiY3JlYXRlIjozMDAwMDAwMDAwMDAsImRlbGV0ZSI6MzAwMDAwMDAwMDAwLCJ1cGRhdGUiOjMwMDAwMDAwMDAwMH0sInNjaGVtYV92ZXJzaW9uIjoiMSJ9",
          "dependencies": [
            "yandex_vpc_subnet.subnet-1"
          ]
        }
      ]
    },
    {
      "mode": "managed",
      "type": "yandex_compute_instance",
      "name": "webserver2",
      "provider": "provider[\"registry.terraform.io/yandex-cloud/yandex\"]",
      "instances": []
    },
    {
      "mode": "managed",
      "type": "yandex_compute_snapshot_schedule",
      "name": "default",
      "provider": "provider[\"registry.terraform.io/yandex-cloud/yandex\"]",
      "instances": [
        {
          "schema_version": 0,
          "attributes": {
            "created_at": "2023-02-01T22:43:56Z",
            "description": "",
            "disk_ids": [
              "ef3e17qu3ehgnhpogguj",
              "ef3ic0bfomjm4ta2peot",
              "ef3qa3oqgcfe2pt9nudj"
            ],
            "folder_id": "b1g6a545g5vdkit1j78m",
            "id": "fd836gknqne7gv3vlmo4",
            "labels": {
              "my-label": "my-label-value"
            },
            "name": "schedule-test",
            "retention_period": "",
            "schedule_policy": [
              {
                "expression": "0 2 * * *",
                "start_at": "1970-01-01T00:00:00Z"
              }
            ],
            "snapshot_count": 7,
            "snapshot_spec": [
              {
                "description": "Мое описание расписания спнапшотов",
                "labels": {
                  "snapshot-label": "my-snapshot-label-value"
                }
              }
            ],
            "status": "active",
            "timeouts": null
          },
          "sensitive_attributes": [],
          "private": "eyJlMmJmYjczMC1lY2FhLTExZTYtOGY4OC0zNDM2M2JjN2M0YzAiOnsiY3JlYXRlIjozMDAwMDAwMDAwMDAsImRlbGV0ZSI6MzAwMDAwMDAwMDAwLCJ1cGRhdGUiOjMwMDAwMDAwMDAwMH19"
        }
      ]
    },
    {
      "mode": "managed",
      "type": "yandex_vpc_network",
      "name": "network-1",
      "provider": "provider[\"registry.terraform.io/yandex-cloud/yandex\"]",
      "instances": [
        {
          "schema_version": 0,
          "attributes": {
            "created_at": "2023-01-12T17:58:12Z",
            "default_security_group_id": "",
            "description": "",
            "folder_id": "b1g6a545g5vdkit1j78m",
            "id": "enpopnjriub0dugorvv3",
            "labels": {},
            "name": "network1",
            "subnet_ids": [
              "b0cvoe2gd8de226p91d5",
              "e2ltvh14m68v6p2ltfsh",
              "e9b4laqv3rro9cs8akj2"
            ],
            "timeouts": null
          },
          "sensitive_attributes": [],
          "private": "eyJlMmJmYjczMC1lY2FhLTExZTYtOGY4OC0zNDM2M2JjN2M0YzAiOnsiY3JlYXRlIjo2MDAwMDAwMDAwMCwiZGVsZXRlIjo2MDAwMDAwMDAwMCwidXBkYXRlIjo2MDAwMDAwMDAwMH19"
        }
      ]
    },
    {
      "mode": "managed",
      "type": "yandex_vpc_subnet",
      "name": "subnet-1",
      "provider": "provider[\"registry.terraform.io/yandex-cloud/yandex\"]",
      "instances": [
        {
          "schema_version": 0,
          "attributes": {
            "created_at": "2023-01-12T17:58:14Z",
            "description": "",
            "dhcp_options": [],
            "folder_id": "b1g6a545g5vdkit1j78m",
            "id": "e9b4laqv3rro9cs8akj2",
            "labels": {},
            "name": "subnet1",
            "network_id": "enpopnjriub0dugorvv3",
            "route_table_id": "",
            "timeouts": null,
            "v4_cidr_blocks": [
              "192.168.10.0/24"
            ],
            "v6_cidr_blocks": [],
            "zone": "ru-central1-a"
          },
          "sensitive_attributes": [],
          "private": "eyJlMmJmYjczMC1lY2FhLTExZTYtOGY4OC0zNDM2M2JjN2M0YzAiOnsiY3JlYXRlIjoxODAwMDAwMDAwMDAsImRlbGV0ZSI6MTgwMDAwMDAwMDAwLCJ1cGRhdGUiOjE4MDAwMDAwMDAwMH19",
          "dependencies": [
            "yandex_vpc_network.network-1"
          ]
        }
      ]
    },
    {
      "mode": "managed",
      "type": "yandex_vpc_subnet",
      "name": "subnet-2",
      "provider": "provider[\"registry.terraform.io/yandex-cloud/yandex\"]",
      "instances": [
        {
          "schema_version": 0,
          "attributes": {
            "created_at": "2023-01-23T12:00:10Z",
            "description": "",
            "dhcp_options": [],
            "folder_id": "b1g6a545g5vdkit1j78m",
            "id": "e2ltvh14m68v6p2ltfsh",
            "labels": {},
            "name": "subnet2",
            "network_id": "enpopnjriub0dugorvv3",
            "route_table_id": "",
            "timeouts": null,
            "v4_cidr_blocks": [
              "192.168.30.0/24"
            ],
            "v6_cidr_blocks": [],
            "zone": "ru-central1-b"
          },
          "sensitive_attributes": [],
          "private": "eyJlMmJmYjczMC1lY2FhLTExZTYtOGY4OC0zNDM2M2JjN2M0YzAiOnsiY3JlYXRlIjoxODAwMDAwMDAwMDAsImRlbGV0ZSI6MTgwMDAwMDAwMDAwLCJ1cGRhdGUiOjE4MDAwMDAwMDAwMH19",
          "dependencies": [
            "yandex_vpc_network.network-1"
          ]
        }
      ]
    },
    {
      "mode": "managed",
      "type": "yandex_vpc_subnet",
      "name": "subnet-3",
      "provider": "provider[\"registry.terraform.io/yandex-cloud/yandex\"]",
      "instances": [
        {
          "schema_version": 0,
          "attributes": {
            "created_at": "2023-01-12T17:58:13Z",
            "description": "",
            "dhcp_options": [],
            "folder_id": "b1g6a545g5vdkit1j78m",
            "id": "b0cvoe2gd8de226p91d5",
            "labels": {},
            "name": "subnet3",
            "network_id": "enpopnjriub0dugorvv3",
            "route_table_id": "",
            "timeouts": null,
            "v4_cidr_blocks": [
              "192.168.20.0/24"
            ],
            "v6_cidr_blocks": [],
            "zone": "ru-central1-c"
          },
          "sensitive_attributes": [],
          "private": "eyJlMmJmYjczMC1lY2FhLTExZTYtOGY4OC0zNDM2M2JjN2M0YzAiOnsiY3JlYXRlIjoxODAwMDAwMDAwMDAsImRlbGV0ZSI6MTgwMDAwMDAwMDAwLCJ1cGRhdGUiOjE4MDAwMDAwMDAwMH19",
          "dependencies": [
            "yandex_vpc_network.network-1"
          ]
        }
      ]
    }
  ],
  "check_results": null
}
